// !$*UTF8*$!
{
	archiveVersion = 1;
	classes = {
	};
	objectVersion = 50;
	objects = {

/* Begin PBXBuildFile section */
		1D239E0485DB001D3F349F51 /* Pods_AvaBuddies.framework in Frameworks */ = {isa = PBXBuildFile; fileRef = 20D62F073C75BB01D93C6DA3 /* Pods_AvaBuddies.framework */; };
		BD8CDD8F2272414900A20F19 /* SearchTest.swift in Sources */ = {isa = PBXBuildFile; fileRef = BD8CDD8E2272414900A20F19 /* SearchTest.swift */; };
		BDD28B10225F637300CCC8C9 /* RegisterViewController.swift in Sources */ = {isa = PBXBuildFile; fileRef = BDD28B0F225F637300CCC8C9 /* RegisterViewController.swift */; };
		BDE594702297F824000E51DD /* ChallengeViewController.swift in Sources */ = {isa = PBXBuildFile; fileRef = BDE5946F2297F824000E51DD /* ChallengeViewController.swift */; };
		BDE5947222980086000E51DD /* ChallengeViewCell.swift in Sources */ = {isa = PBXBuildFile; fileRef = BDE5947122980086000E51DD /* ChallengeViewCell.swift */; };
		BDE5947522982067000E51DD /* Challenge.swift in Sources */ = {isa = PBXBuildFile; fileRef = BDE5947422982067000E51DD /* Challenge.swift */; };
		BDE594772298218F000E51DD /* ChallengeRepository.swift in Sources */ = {isa = PBXBuildFile; fileRef = BDE594762298218F000E51DD /* ChallengeRepository.swift */; };
		BDE59479229821EB000E51DD /* ChallengeDelegate.swift in Sources */ = {isa = PBXBuildFile; fileRef = BDE59478229821EB000E51DD /* ChallengeDelegate.swift */; };
		BDE5947C229C25EF000E51DD /* ChallengeDetailsViewController.swift in Sources */ = {isa = PBXBuildFile; fileRef = BDE5947B229C25EF000E51DD /* ChallengeDetailsViewController.swift */; };
		F406EEDC2243998B00E5068A /* TabBarViewController.swift in Sources */ = {isa = PBXBuildFile; fileRef = F406EEDB2243998B00E5068A /* TabBarViewController.swift */; };
		F40B5EA122413925008E88BE /* avanade-logo.svg in Resources */ = {isa = PBXBuildFile; fileRef = F40B5E9F22413925008E88BE /* avanade-logo.svg */; };
		F40B5EA222413925008E88BE /* avanade-logo-only.svg in Resources */ = {isa = PBXBuildFile; fileRef = F40B5EA022413925008E88BE /* avanade-logo-only.svg */; };
		F40B5EA922413DCF008E88BE /* FileLoader.swift in Sources */ = {isa = PBXBuildFile; fileRef = F40B5EA822413DCF008E88BE /* FileLoader.swift */; };
		F40B5EAB22413E73008E88BE /* SvgFileLoader.swift in Sources */ = {isa = PBXBuildFile; fileRef = F40B5EAA22413E73008E88BE /* SvgFileLoader.swift */; };
		F40B5EAD22413FB6008E88BE /* ResourceFile.swift in Sources */ = {isa = PBXBuildFile; fileRef = F40B5EAC22413FB6008E88BE /* ResourceFile.swift */; };
		F40C2DA322704CA800982E62 /* ChatRepository.swift in Sources */ = {isa = PBXBuildFile; fileRef = F40C2DA222704CA800982E62 /* ChatRepository.swift */; };
		F40C2DA522704CC600982E62 /* ChatDelegate.swift in Sources */ = {isa = PBXBuildFile; fileRef = F40C2DA422704CC600982E62 /* ChatDelegate.swift */; };
		F40C2DA722704F2200982E62 /* Chat.swift in Sources */ = {isa = PBXBuildFile; fileRef = F40C2DA622704F2200982E62 /* Chat.swift */; };
		F40C2DA922704FD600982E62 /* ChatMessage.swift in Sources */ = {isa = PBXBuildFile; fileRef = F40C2DA822704FD600982E62 /* ChatMessage.swift */; };
		F40C2DAB2270501A00982E62 /* ChatMessageRepository.swift in Sources */ = {isa = PBXBuildFile; fileRef = F40C2DAA2270501A00982E62 /* ChatMessageRepository.swift */; };
		F40C2DAD2270502700982E62 /* ChatMessageDelegate.swift in Sources */ = {isa = PBXBuildFile; fileRef = F40C2DAC2270502700982E62 /* ChatMessageDelegate.swift */; };
		F40C2DAF22705B3900982E62 /* AddChatViewController.swift in Sources */ = {isa = PBXBuildFile; fileRef = F40C2DAE22705B3900982E62 /* AddChatViewController.swift */; };
		F40F1F64225D189700487CA8 /* QRCodeValidator.swift in Sources */ = {isa = PBXBuildFile; fileRef = F40F1F63225D189700487CA8 /* QRCodeValidator.swift */; };
		F40F1F6622610CD000487CA8 /* ImageExtension.swift in Sources */ = {isa = PBXBuildFile; fileRef = F40F1F6522610CD000487CA8 /* ImageExtension.swift */; };
		F434E377224A44B80005BD3B /* ServerConnection.swift in Sources */ = {isa = PBXBuildFile; fileRef = F434E375224A44B80005BD3B /* ServerConnection.swift */; };
		F434E378224A44B80005BD3B /* ServerConnectionProtocol.swift in Sources */ = {isa = PBXBuildFile; fileRef = F434E376224A44B80005BD3B /* ServerConnectionProtocol.swift */; };
		F434E37C224A44C90005BD3B /* AuthenticationRepository.swift in Sources */ = {isa = PBXBuildFile; fileRef = F434E37A224A44C90005BD3B /* AuthenticationRepository.swift */; };
		F434E37D224A44C90005BD3B /* AuthUser.swift in Sources */ = {isa = PBXBuildFile; fileRef = F434E37B224A44C90005BD3B /* AuthUser.swift */; };
		F434E382224C18E50005BD3B /* MockServerConnection.swift in Sources */ = {isa = PBXBuildFile; fileRef = F434E381224C18E50005BD3B /* MockServerConnection.swift */; };
		F434E384224C19630005BD3B /* AuthenticationTest.swift in Sources */ = {isa = PBXBuildFile; fileRef = F434E383224C19630005BD3B /* AuthenticationTest.swift */; };
		F434E386224D16CD0005BD3B /* AccessTokenAdapter.swift in Sources */ = {isa = PBXBuildFile; fileRef = F434E385224D16CD0005BD3B /* AccessTokenAdapter.swift */; };
		F434E388224E0FBC0005BD3B /* AuthenticationDelegate.swift in Sources */ = {isa = PBXBuildFile; fileRef = F434E387224E0FBC0005BD3B /* AuthenticationDelegate.swift */; };
		F434E38A224E219D0005BD3B /* LoginResponse.swift in Sources */ = {isa = PBXBuildFile; fileRef = F434E389224E219D0005BD3B /* LoginResponse.swift */; };
		F434E38D224E5AA10005BD3B /* RoundedImageView.swift in Sources */ = {isa = PBXBuildFile; fileRef = F434E38C224E5AA10005BD3B /* RoundedImageView.swift */; };
		F434E38F224E610F0005BD3B /* Assets.xcassets in Resources */ = {isa = PBXBuildFile; fileRef = F434E38E224E610E0005BD3B /* Assets.xcassets */; };
		F434E392224E690C0005BD3B /* UserRepository.swift in Sources */ = {isa = PBXBuildFile; fileRef = F434E391224E690C0005BD3B /* UserRepository.swift */; };
		F434E394224E69170005BD3B /* UserDelegate.swift in Sources */ = {isa = PBXBuildFile; fileRef = F434E393224E69170005BD3B /* UserDelegate.swift */; };
		F434E396224E69270005BD3B /* User.swift in Sources */ = {isa = PBXBuildFile; fileRef = F434E395224E69270005BD3B /* User.swift */; };
		F434E398224E7CB10005BD3B /* ImagePickerManager.swift in Sources */ = {isa = PBXBuildFile; fileRef = F434E397224E7CB10005BD3B /* ImagePickerManager.swift */; };
		F434E39F225156A00005BD3B /* UserTest.swift in Sources */ = {isa = PBXBuildFile; fileRef = F434E39E225156A00005BD3B /* UserTest.swift */; };
		F434E3A8225393C90005BD3B /* Localizable.strings in Resources */ = {isa = PBXBuildFile; fileRef = F434E3AA225393C90005BD3B /* Localizable.strings */; };
		F434E3AF2257BA670005BD3B /* SearchPeopleViewController.swift in Sources */ = {isa = PBXBuildFile; fileRef = F434E3AE2257BA670005BD3B /* SearchPeopleViewController.swift */; };
		F434E3B1225B4BEE0005BD3B /* PublicProfileViewController.swift in Sources */ = {isa = PBXBuildFile; fileRef = F434E3B0225B4BEE0005BD3B /* PublicProfileViewController.swift */; };
		F434E3B3225B69550005BD3B /* ConnectionRepository.swift in Sources */ = {isa = PBXBuildFile; fileRef = F434E3B2225B69550005BD3B /* ConnectionRepository.swift */; };
		F434E3B6225B6A450005BD3B /* ConnectionDelegate.swift in Sources */ = {isa = PBXBuildFile; fileRef = F434E3B5225B6A450005BD3B /* ConnectionDelegate.swift */; };
		F434E3B8225B6CA60005BD3B /* Connection.swift in Sources */ = {isa = PBXBuildFile; fileRef = F434E3B7225B6CA60005BD3B /* Connection.swift */; };
		F434E3BA225C98E90005BD3B /* RoundedTableViewImageView.swift in Sources */ = {isa = PBXBuildFile; fileRef = F434E3B9225C98E90005BD3B /* RoundedTableViewImageView.swift */; };
		F434E3BC225C9A220005BD3B /* NearbyViewController.swift in Sources */ = {isa = PBXBuildFile; fileRef = F434E3BB225C9A220005BD3B /* NearbyViewController.swift */; };
		F434E3BE225CCA8D0005BD3B /* QRFriendRequestViewController.swift in Sources */ = {isa = PBXBuildFile; fileRef = F434E3BD225CCA8D0005BD3B /* QRFriendRequestViewController.swift */; };
		F434E3C0225CDE470005BD3B /* QRCodeGenerator.swift in Sources */ = {isa = PBXBuildFile; fileRef = F434E3BF225CDE470005BD3B /* QRCodeGenerator.swift */; };
		F434E3C2225CDFE00005BD3B /* FriendRequest.swift in Sources */ = {isa = PBXBuildFile; fileRef = F434E3C1225CDFE00005BD3B /* FriendRequest.swift */; };
		F434E3C4225CF8190005BD3B /* QRScannerViewController.swift in Sources */ = {isa = PBXBuildFile; fileRef = F434E3C3225CF8190005BD3B /* QRScannerViewController.swift */; };
		F43C05DF22438D730079513D /* ProfileViewController.swift in Sources */ = {isa = PBXBuildFile; fileRef = F43C05DE22438D730079513D /* ProfileViewController.swift */; };
		F43C05E1224393BA0079513D /* SwinjectStoryboardSetup.swift in Sources */ = {isa = PBXBuildFile; fileRef = F43C05E0224393BA0079513D /* SwinjectStoryboardSetup.swift */; };
		F4756D4C2299950F009768CC /* SearchUser.swift in Sources */ = {isa = PBXBuildFile; fileRef = F4756D4B2299950F009768CC /* SearchUser.swift */; };
		F483481F228C4A0F00BC26FA /* ServerSocketConnectionDelegate.swift in Sources */ = {isa = PBXBuildFile; fileRef = F483481E228C4A0F00BC26FA /* ServerSocketConnectionDelegate.swift */; };
		F4834821228CADCC00BC26FA /* DateFormatterExtension.swift in Sources */ = {isa = PBXBuildFile; fileRef = F4834820228CADCC00BC26FA /* DateFormatterExtension.swift */; };
		F4834823228D975F00BC26FA /* ChatsTest.swift in Sources */ = {isa = PBXBuildFile; fileRef = F4834822228D975F00BC26FA /* ChatsTest.swift */; };
		F48789E82241135C000760BB /* Constants.swift in Sources */ = {isa = PBXBuildFile; fileRef = F48789E72241135C000760BB /* Constants.swift */; };
		F48789EA224113BC000760BB /* GraphUser.swift in Sources */ = {isa = PBXBuildFile; fileRef = F48789E9224113BC000760BB /* GraphUser.swift */; };
		F48789EC2241149C000760BB /* MSALClient.swift in Sources */ = {isa = PBXBuildFile; fileRef = F48789EB2241149C000760BB /* MSALClient.swift */; };
		F48789EE224114B9000760BB /* MSALClientDelegate.swift in Sources */ = {isa = PBXBuildFile; fileRef = F48789ED224114B9000760BB /* MSALClientDelegate.swift */; };
		F4A2E1C22281A71B00D6DCBA /* UIColorExtension.swift in Sources */ = {isa = PBXBuildFile; fileRef = F4A2E1C12281A71B00D6DCBA /* UIColorExtension.swift */; };
		F4A2E1C42282DBDF00D6DCBA /* ServerSocketConnectionProtocol.swift in Sources */ = {isa = PBXBuildFile; fileRef = F4A2E1C32282DBDF00D6DCBA /* ServerSocketConnectionProtocol.swift */; };
		F4A2E1C62282DBEF00D6DCBA /* ServerSocketConnection.swift in Sources */ = {isa = PBXBuildFile; fileRef = F4A2E1C52282DBEF00D6DCBA /* ServerSocketConnection.swift */; };
		F4B624DE223FAE110098238C /* AppDelegate.swift in Sources */ = {isa = PBXBuildFile; fileRef = F4B624DD223FAE110098238C /* AppDelegate.swift */; };
		F4B624E3223FAE110098238C /* Main.storyboard in Resources */ = {isa = PBXBuildFile; fileRef = F4B624E1223FAE110098238C /* Main.storyboard */; };
		F4B624E8223FAE120098238C /* LaunchScreen.storyboard in Resources */ = {isa = PBXBuildFile; fileRef = F4B624E6223FAE120098238C /* LaunchScreen.storyboard */; };
		F4B624F3223FAE120098238C /* ConnectionsTest.swift in Sources */ = {isa = PBXBuildFile; fileRef = F4B624F2223FAE120098238C /* ConnectionsTest.swift */; };
		F4BEE1FC2271ACDC00414E41 /* ChatMessageModel.xcdatamodeld in Sources */ = {isa = PBXBuildFile; fileRef = F4BEE1FA2271ACDC00414E41 /* ChatMessageModel.xcdatamodeld */; };
		F4D29C5E223FAECF00EE40CD /* LoginViewController.swift in Sources */ = {isa = PBXBuildFile; fileRef = F4D29C5D223FAECF00EE40CD /* LoginViewController.swift */; };
		F4DAD0962265E57F0083FC1E /* SelectTagsViewController.swift in Sources */ = {isa = PBXBuildFile; fileRef = F4DAD0952265E57F0083FC1E /* SelectTagsViewController.swift */; };
		F4DAD0982265E71C0083FC1E /* Tag.swift in Sources */ = {isa = PBXBuildFile; fileRef = F4DAD0972265E71C0083FC1E /* Tag.swift */; };
		F4DAD09B2265F2DF0083FC1E /* TagRepository.swift in Sources */ = {isa = PBXBuildFile; fileRef = F4DAD09A2265F2DF0083FC1E /* TagRepository.swift */; };
		F4DAD09D2265F3200083FC1E /* TagDelegate.swift in Sources */ = {isa = PBXBuildFile; fileRef = F4DAD09C2265F3200083FC1E /* TagDelegate.swift */; };
		F4DAD0A22266014D0083FC1E /* TagCollectionViewCell.swift in Sources */ = {isa = PBXBuildFile; fileRef = F4DAD0A02266014D0083FC1E /* TagCollectionViewCell.swift */; };
		F4DAD0A32266014D0083FC1E /* TagCollectionViewCell.xib in Resources */ = {isa = PBXBuildFile; fileRef = F4DAD0A12266014D0083FC1E /* TagCollectionViewCell.xib */; };
		F4DAD0A52268804F0083FC1E /* TagsTest.swift in Sources */ = {isa = PBXBuildFile; fileRef = F4DAD0A42268804F0083FC1E /* TagsTest.swift */; };
		F4EC001C226F1A7400685B24 /* ChatListViewController.swift in Sources */ = {isa = PBXBuildFile; fileRef = F4EC001B226F1A7400685B24 /* ChatListViewController.swift */; };
		F4EC001E226F1AA100685B24 /* ChatViewController.swift in Sources */ = {isa = PBXBuildFile; fileRef = F4EC001D226F1AA100685B24 /* ChatViewController.swift */; };
/* End PBXBuildFile section */

/* Begin PBXContainerItemProxy section */
		F4B624EF223FAE120098238C /* PBXContainerItemProxy */ = {
			isa = PBXContainerItemProxy;
			containerPortal = F4B624D2223FAE110098238C /* Project object */;
			proxyType = 1;
			remoteGlobalIDString = F4B624D9223FAE110098238C;
			remoteInfo = AvaBuddies;
		};
/* End PBXContainerItemProxy section */

/* Begin PBXFileReference section */
		0CD620B56E03C2948D7B6BBF /* Pods-AvaBuddies.release.xcconfig */ = {isa = PBXFileReference; includeInIndex = 1; lastKnownFileType = text.xcconfig; name = "Pods-AvaBuddies.release.xcconfig"; path = "Pods/Target Support Files/Pods-AvaBuddies/Pods-AvaBuddies.release.xcconfig"; sourceTree = "<group>"; };
		20D62F073C75BB01D93C6DA3 /* Pods_AvaBuddies.framework */ = {isa = PBXFileReference; explicitFileType = wrapper.framework; includeInIndex = 0; path = Pods_AvaBuddies.framework; sourceTree = BUILT_PRODUCTS_DIR; };
		BD8CDD8E2272414900A20F19 /* SearchTest.swift */ = {isa = PBXFileReference; lastKnownFileType = sourcecode.swift; path = SearchTest.swift; sourceTree = "<group>"; };
		BDD28B0F225F637300CCC8C9 /* RegisterViewController.swift */ = {isa = PBXFileReference; lastKnownFileType = sourcecode.swift; path = RegisterViewController.swift; sourceTree = "<group>"; };
		BDE5946F2297F824000E51DD /* ChallengeViewController.swift */ = {isa = PBXFileReference; lastKnownFileType = sourcecode.swift; path = ChallengeViewController.swift; sourceTree = "<group>"; };
		BDE5947122980086000E51DD /* ChallengeViewCell.swift */ = {isa = PBXFileReference; lastKnownFileType = sourcecode.swift; path = ChallengeViewCell.swift; sourceTree = "<group>"; };
		BDE5947422982067000E51DD /* Challenge.swift */ = {isa = PBXFileReference; lastKnownFileType = sourcecode.swift; path = Challenge.swift; sourceTree = "<group>"; };
		BDE594762298218F000E51DD /* ChallengeRepository.swift */ = {isa = PBXFileReference; lastKnownFileType = sourcecode.swift; path = ChallengeRepository.swift; sourceTree = "<group>"; };
		BDE59478229821EB000E51DD /* ChallengeDelegate.swift */ = {isa = PBXFileReference; lastKnownFileType = sourcecode.swift; path = ChallengeDelegate.swift; sourceTree = "<group>"; };
		BDE5947B229C25EF000E51DD /* ChallengeDetailsViewController.swift */ = {isa = PBXFileReference; lastKnownFileType = sourcecode.swift; path = ChallengeDetailsViewController.swift; sourceTree = "<group>"; };
		C596E86C33A3472EB45C3DB7 /* Pods-AvaBuddies.debug.xcconfig */ = {isa = PBXFileReference; includeInIndex = 1; lastKnownFileType = text.xcconfig; name = "Pods-AvaBuddies.debug.xcconfig"; path = "Pods/Target Support Files/Pods-AvaBuddies/Pods-AvaBuddies.debug.xcconfig"; sourceTree = "<group>"; };
		F406EEDB2243998B00E5068A /* TabBarViewController.swift */ = {isa = PBXFileReference; lastKnownFileType = sourcecode.swift; path = TabBarViewController.swift; sourceTree = "<group>"; };
		F40B5E9F22413925008E88BE /* avanade-logo.svg */ = {isa = PBXFileReference; fileEncoding = 4; lastKnownFileType = text.xml; path = "avanade-logo.svg"; sourceTree = "<group>"; };
		F40B5EA022413925008E88BE /* avanade-logo-only.svg */ = {isa = PBXFileReference; fileEncoding = 4; lastKnownFileType = text.xml; path = "avanade-logo-only.svg"; sourceTree = "<group>"; };
		F40B5EA822413DCF008E88BE /* FileLoader.swift */ = {isa = PBXFileReference; lastKnownFileType = sourcecode.swift; path = FileLoader.swift; sourceTree = "<group>"; };
		F40B5EAA22413E73008E88BE /* SvgFileLoader.swift */ = {isa = PBXFileReference; lastKnownFileType = sourcecode.swift; path = SvgFileLoader.swift; sourceTree = "<group>"; };
		F40B5EAC22413FB6008E88BE /* ResourceFile.swift */ = {isa = PBXFileReference; lastKnownFileType = sourcecode.swift; path = ResourceFile.swift; sourceTree = "<group>"; };
		F40C2DA222704CA800982E62 /* ChatRepository.swift */ = {isa = PBXFileReference; lastKnownFileType = sourcecode.swift; path = ChatRepository.swift; sourceTree = "<group>"; };
		F40C2DA422704CC600982E62 /* ChatDelegate.swift */ = {isa = PBXFileReference; lastKnownFileType = sourcecode.swift; path = ChatDelegate.swift; sourceTree = "<group>"; };
		F40C2DA622704F2200982E62 /* Chat.swift */ = {isa = PBXFileReference; lastKnownFileType = sourcecode.swift; path = Chat.swift; sourceTree = "<group>"; };
		F40C2DA822704FD600982E62 /* ChatMessage.swift */ = {isa = PBXFileReference; lastKnownFileType = sourcecode.swift; path = ChatMessage.swift; sourceTree = "<group>"; };
		F40C2DAA2270501A00982E62 /* ChatMessageRepository.swift */ = {isa = PBXFileReference; lastKnownFileType = sourcecode.swift; path = ChatMessageRepository.swift; sourceTree = "<group>"; };
		F40C2DAC2270502700982E62 /* ChatMessageDelegate.swift */ = {isa = PBXFileReference; lastKnownFileType = sourcecode.swift; path = ChatMessageDelegate.swift; sourceTree = "<group>"; };
		F40C2DAE22705B3900982E62 /* AddChatViewController.swift */ = {isa = PBXFileReference; lastKnownFileType = sourcecode.swift; path = AddChatViewController.swift; sourceTree = "<group>"; };
		F40F1F63225D189700487CA8 /* QRCodeValidator.swift */ = {isa = PBXFileReference; lastKnownFileType = sourcecode.swift; path = QRCodeValidator.swift; sourceTree = "<group>"; };
		F40F1F6522610CD000487CA8 /* ImageExtension.swift */ = {isa = PBXFileReference; lastKnownFileType = sourcecode.swift; path = ImageExtension.swift; sourceTree = "<group>"; };
		F434E375224A44B80005BD3B /* ServerConnection.swift */ = {isa = PBXFileReference; fileEncoding = 4; lastKnownFileType = sourcecode.swift; path = ServerConnection.swift; sourceTree = "<group>"; };
		F434E376224A44B80005BD3B /* ServerConnectionProtocol.swift */ = {isa = PBXFileReference; fileEncoding = 4; lastKnownFileType = sourcecode.swift; path = ServerConnectionProtocol.swift; sourceTree = "<group>"; };
		F434E37A224A44C90005BD3B /* AuthenticationRepository.swift */ = {isa = PBXFileReference; fileEncoding = 4; lastKnownFileType = sourcecode.swift; path = AuthenticationRepository.swift; sourceTree = "<group>"; };
		F434E37B224A44C90005BD3B /* AuthUser.swift */ = {isa = PBXFileReference; fileEncoding = 4; lastKnownFileType = sourcecode.swift; path = AuthUser.swift; sourceTree = "<group>"; };
		F434E381224C18E50005BD3B /* MockServerConnection.swift */ = {isa = PBXFileReference; fileEncoding = 4; lastKnownFileType = sourcecode.swift; path = MockServerConnection.swift; sourceTree = "<group>"; };
		F434E383224C19630005BD3B /* AuthenticationTest.swift */ = {isa = PBXFileReference; fileEncoding = 4; lastKnownFileType = sourcecode.swift; path = AuthenticationTest.swift; sourceTree = "<group>"; };
		F434E385224D16CD0005BD3B /* AccessTokenAdapter.swift */ = {isa = PBXFileReference; lastKnownFileType = sourcecode.swift; path = AccessTokenAdapter.swift; sourceTree = "<group>"; };
		F434E387224E0FBC0005BD3B /* AuthenticationDelegate.swift */ = {isa = PBXFileReference; lastKnownFileType = sourcecode.swift; path = AuthenticationDelegate.swift; sourceTree = "<group>"; };
		F434E389224E219D0005BD3B /* LoginResponse.swift */ = {isa = PBXFileReference; lastKnownFileType = sourcecode.swift; path = LoginResponse.swift; sourceTree = "<group>"; };
		F434E38C224E5AA10005BD3B /* RoundedImageView.swift */ = {isa = PBXFileReference; lastKnownFileType = sourcecode.swift; path = RoundedImageView.swift; sourceTree = "<group>"; };
		F434E38E224E610E0005BD3B /* Assets.xcassets */ = {isa = PBXFileReference; lastKnownFileType = folder.assetcatalog; path = Assets.xcassets; sourceTree = "<group>"; };
		F434E391224E690C0005BD3B /* UserRepository.swift */ = {isa = PBXFileReference; lastKnownFileType = sourcecode.swift; path = UserRepository.swift; sourceTree = "<group>"; };
		F434E393224E69170005BD3B /* UserDelegate.swift */ = {isa = PBXFileReference; lastKnownFileType = sourcecode.swift; path = UserDelegate.swift; sourceTree = "<group>"; };
		F434E395224E69270005BD3B /* User.swift */ = {isa = PBXFileReference; lastKnownFileType = sourcecode.swift; path = User.swift; sourceTree = "<group>"; };
		F434E397224E7CB10005BD3B /* ImagePickerManager.swift */ = {isa = PBXFileReference; lastKnownFileType = sourcecode.swift; path = ImagePickerManager.swift; sourceTree = "<group>"; };
		F434E39E225156A00005BD3B /* UserTest.swift */ = {isa = PBXFileReference; lastKnownFileType = sourcecode.swift; path = UserTest.swift; sourceTree = "<group>"; };
		F434E3A9225393C90005BD3B /* en */ = {isa = PBXFileReference; lastKnownFileType = text.plist.strings; name = en; path = en.lproj/Localizable.strings; sourceTree = "<group>"; };
		F434E3AE2257BA670005BD3B /* SearchPeopleViewController.swift */ = {isa = PBXFileReference; lastKnownFileType = sourcecode.swift; path = SearchPeopleViewController.swift; sourceTree = "<group>"; };
		F434E3B0225B4BEE0005BD3B /* PublicProfileViewController.swift */ = {isa = PBXFileReference; lastKnownFileType = sourcecode.swift; path = PublicProfileViewController.swift; sourceTree = "<group>"; };
		F434E3B2225B69550005BD3B /* ConnectionRepository.swift */ = {isa = PBXFileReference; lastKnownFileType = sourcecode.swift; path = ConnectionRepository.swift; sourceTree = "<group>"; };
		F434E3B5225B6A450005BD3B /* ConnectionDelegate.swift */ = {isa = PBXFileReference; lastKnownFileType = sourcecode.swift; path = ConnectionDelegate.swift; sourceTree = "<group>"; };
		F434E3B7225B6CA60005BD3B /* Connection.swift */ = {isa = PBXFileReference; lastKnownFileType = sourcecode.swift; path = Connection.swift; sourceTree = "<group>"; };
		F434E3B9225C98E90005BD3B /* RoundedTableViewImageView.swift */ = {isa = PBXFileReference; lastKnownFileType = sourcecode.swift; path = RoundedTableViewImageView.swift; sourceTree = "<group>"; };
		F434E3BB225C9A220005BD3B /* NearbyViewController.swift */ = {isa = PBXFileReference; lastKnownFileType = sourcecode.swift; path = NearbyViewController.swift; sourceTree = "<group>"; };
		F434E3BD225CCA8D0005BD3B /* QRFriendRequestViewController.swift */ = {isa = PBXFileReference; lastKnownFileType = sourcecode.swift; path = QRFriendRequestViewController.swift; sourceTree = "<group>"; };
		F434E3BF225CDE470005BD3B /* QRCodeGenerator.swift */ = {isa = PBXFileReference; lastKnownFileType = sourcecode.swift; path = QRCodeGenerator.swift; sourceTree = "<group>"; };
		F434E3C1225CDFE00005BD3B /* FriendRequest.swift */ = {isa = PBXFileReference; lastKnownFileType = sourcecode.swift; path = FriendRequest.swift; sourceTree = "<group>"; };
		F434E3C3225CF8190005BD3B /* QRScannerViewController.swift */ = {isa = PBXFileReference; lastKnownFileType = sourcecode.swift; path = QRScannerViewController.swift; sourceTree = "<group>"; };
		F43C05DE22438D730079513D /* ProfileViewController.swift */ = {isa = PBXFileReference; lastKnownFileType = sourcecode.swift; path = ProfileViewController.swift; sourceTree = "<group>"; };
		F43C05E0224393BA0079513D /* SwinjectStoryboardSetup.swift */ = {isa = PBXFileReference; lastKnownFileType = sourcecode.swift; path = SwinjectStoryboardSetup.swift; sourceTree = "<group>"; };
		F4756D4B2299950F009768CC /* SearchUser.swift */ = {isa = PBXFileReference; lastKnownFileType = sourcecode.swift; path = SearchUser.swift; sourceTree = "<group>"; };
		F483481E228C4A0F00BC26FA /* ServerSocketConnectionDelegate.swift */ = {isa = PBXFileReference; lastKnownFileType = sourcecode.swift; path = ServerSocketConnectionDelegate.swift; sourceTree = "<group>"; };
		F4834820228CADCC00BC26FA /* DateFormatterExtension.swift */ = {isa = PBXFileReference; lastKnownFileType = sourcecode.swift; path = DateFormatterExtension.swift; sourceTree = "<group>"; };
		F4834822228D975F00BC26FA /* ChatsTest.swift */ = {isa = PBXFileReference; lastKnownFileType = sourcecode.swift; path = ChatsTest.swift; sourceTree = "<group>"; };
		F48789E52241128B000760BB /* AvaBuddies.entitlements */ = {isa = PBXFileReference; lastKnownFileType = text.plist.entitlements; path = AvaBuddies.entitlements; sourceTree = "<group>"; };
		F48789E72241135C000760BB /* Constants.swift */ = {isa = PBXFileReference; lastKnownFileType = sourcecode.swift; path = Constants.swift; sourceTree = "<group>"; };
		F48789E9224113BC000760BB /* GraphUser.swift */ = {isa = PBXFileReference; lastKnownFileType = sourcecode.swift; path = GraphUser.swift; sourceTree = "<group>"; };
		F48789EB2241149C000760BB /* MSALClient.swift */ = {isa = PBXFileReference; lastKnownFileType = sourcecode.swift; path = MSALClient.swift; sourceTree = "<group>"; };
		F48789ED224114B9000760BB /* MSALClientDelegate.swift */ = {isa = PBXFileReference; lastKnownFileType = sourcecode.swift; path = MSALClientDelegate.swift; sourceTree = "<group>"; };
		F4A2E1C12281A71B00D6DCBA /* UIColorExtension.swift */ = {isa = PBXFileReference; lastKnownFileType = sourcecode.swift; path = UIColorExtension.swift; sourceTree = "<group>"; };
		F4A2E1C32282DBDF00D6DCBA /* ServerSocketConnectionProtocol.swift */ = {isa = PBXFileReference; lastKnownFileType = sourcecode.swift; path = ServerSocketConnectionProtocol.swift; sourceTree = "<group>"; };
		F4A2E1C52282DBEF00D6DCBA /* ServerSocketConnection.swift */ = {isa = PBXFileReference; lastKnownFileType = sourcecode.swift; path = ServerSocketConnection.swift; sourceTree = "<group>"; };
		F4B624DA223FAE110098238C /* AvaBuddies.app */ = {isa = PBXFileReference; explicitFileType = wrapper.application; includeInIndex = 0; path = AvaBuddies.app; sourceTree = BUILT_PRODUCTS_DIR; };
		F4B624DD223FAE110098238C /* AppDelegate.swift */ = {isa = PBXFileReference; lastKnownFileType = sourcecode.swift; path = AppDelegate.swift; sourceTree = "<group>"; };
		F4B624E9223FAE120098238C /* Info.plist */ = {isa = PBXFileReference; lastKnownFileType = text.plist.xml; path = Info.plist; sourceTree = "<group>"; };
		F4B624EE223FAE120098238C /* AvaBuddiesTests.xctest */ = {isa = PBXFileReference; explicitFileType = wrapper.cfbundle; includeInIndex = 0; path = AvaBuddiesTests.xctest; sourceTree = BUILT_PRODUCTS_DIR; };
		F4B624F2223FAE120098238C /* ConnectionsTest.swift */ = {isa = PBXFileReference; lastKnownFileType = sourcecode.swift; path = ConnectionsTest.swift; sourceTree = "<group>"; };
		F4B624F4223FAE120098238C /* Info.plist */ = {isa = PBXFileReference; lastKnownFileType = text.plist.xml; path = Info.plist; sourceTree = "<group>"; };
		F4BEE1FB2271ACDC00414E41 /* ChatMessageModel.xcdatamodel */ = {isa = PBXFileReference; lastKnownFileType = wrapper.xcdatamodel; path = ChatMessageModel.xcdatamodel; sourceTree = "<group>"; };
		F4D29C5D223FAECF00EE40CD /* LoginViewController.swift */ = {isa = PBXFileReference; lastKnownFileType = sourcecode.swift; path = LoginViewController.swift; sourceTree = "<group>"; };
		F4DAD093226359100083FC1E /* Base */ = {isa = PBXFileReference; lastKnownFileType = file.storyboard; name = Base; path = Base.lproj/Main.storyboard; sourceTree = "<group>"; };
		F4DAD094226359100083FC1E /* Base */ = {isa = PBXFileReference; lastKnownFileType = file.storyboard; name = Base; path = Base.lproj/LaunchScreen.storyboard; sourceTree = "<group>"; };
		F4DAD0952265E57F0083FC1E /* SelectTagsViewController.swift */ = {isa = PBXFileReference; lastKnownFileType = sourcecode.swift; path = SelectTagsViewController.swift; sourceTree = "<group>"; };
		F4DAD0972265E71C0083FC1E /* Tag.swift */ = {isa = PBXFileReference; lastKnownFileType = sourcecode.swift; path = Tag.swift; sourceTree = "<group>"; };
		F4DAD09A2265F2DF0083FC1E /* TagRepository.swift */ = {isa = PBXFileReference; lastKnownFileType = sourcecode.swift; path = TagRepository.swift; sourceTree = "<group>"; };
		F4DAD09C2265F3200083FC1E /* TagDelegate.swift */ = {isa = PBXFileReference; lastKnownFileType = sourcecode.swift; path = TagDelegate.swift; sourceTree = "<group>"; };
		F4DAD0A02266014D0083FC1E /* TagCollectionViewCell.swift */ = {isa = PBXFileReference; lastKnownFileType = sourcecode.swift; path = TagCollectionViewCell.swift; sourceTree = "<group>"; };
		F4DAD0A12266014D0083FC1E /* TagCollectionViewCell.xib */ = {isa = PBXFileReference; lastKnownFileType = file.xib; path = TagCollectionViewCell.xib; sourceTree = "<group>"; };
		F4DAD0A42268804F0083FC1E /* TagsTest.swift */ = {isa = PBXFileReference; lastKnownFileType = sourcecode.swift; path = TagsTest.swift; sourceTree = "<group>"; };
		F4EC001B226F1A7400685B24 /* ChatListViewController.swift */ = {isa = PBXFileReference; lastKnownFileType = sourcecode.swift; path = ChatListViewController.swift; sourceTree = "<group>"; };
		F4EC001D226F1AA100685B24 /* ChatViewController.swift */ = {isa = PBXFileReference; lastKnownFileType = sourcecode.swift; path = ChatViewController.swift; sourceTree = "<group>"; };
/* End PBXFileReference section */

/* Begin PBXFrameworksBuildPhase section */
		F4B624D7223FAE110098238C /* Frameworks */ = {
			isa = PBXFrameworksBuildPhase;
			buildActionMask = 2147483647;
			files = (
				1D239E0485DB001D3F349F51 /* Pods_AvaBuddies.framework in Frameworks */,
			);
			runOnlyForDeploymentPostprocessing = 0;
		};
		F4B624EB223FAE120098238C /* Frameworks */ = {
			isa = PBXFrameworksBuildPhase;
			buildActionMask = 2147483647;
			files = (
			);
			runOnlyForDeploymentPostprocessing = 0;
		};
/* End PBXFrameworksBuildPhase section */

/* Begin PBXGroup section */
		10E7F2EDF8F1D3590BA7863C /* Frameworks */ = {
			isa = PBXGroup;
			children = (
				20D62F073C75BB01D93C6DA3 /* Pods_AvaBuddies.framework */,
			);
			name = Frameworks;
			sourceTree = "<group>";
		};
		52E83629E57ADCB640D9EB7B /* Pods */ = {
			isa = PBXGroup;
			children = (
				C596E86C33A3472EB45C3DB7 /* Pods-AvaBuddies.debug.xcconfig */,
				0CD620B56E03C2948D7B6BBF /* Pods-AvaBuddies.release.xcconfig */,
			);
			name = Pods;
			sourceTree = "<group>";
		};
		BDE5947322982041000E51DD /* Challenge */ = {
			isa = PBXGroup;
			children = (
				BDE5947422982067000E51DD /* Challenge.swift */,
				BDE594762298218F000E51DD /* ChallengeRepository.swift */,
				BDE59478229821EB000E51DD /* ChallengeDelegate.swift */,
			);
			name = Challenge;
			sourceTree = "<group>";
		};
		BDE5947A229C2540000E51DD /* Challenges */ = {
			isa = PBXGroup;
			children = (
				BDE5946F2297F824000E51DD /* ChallengeViewController.swift */,
				BDE5947B229C25EF000E51DD /* ChallengeDetailsViewController.swift */,
			);
			name = Challenges;
			sourceTree = "<group>";
		};
		F40B5EA322413BED008E88BE /* Svg-images */ = {
			isa = PBXGroup;
			children = (
				F40B5EA022413925008E88BE /* avanade-logo-only.svg */,
				F40B5E9F22413925008E88BE /* avanade-logo.svg */,
			);
			name = "Svg-images";
			sourceTree = "<group>";
		};
		F40C2DA122704C9100982E62 /* Chat */ = {
			isa = PBXGroup;
			children = (
				F40C2DA222704CA800982E62 /* ChatRepository.swift */,
				F40C2DA422704CC600982E62 /* ChatDelegate.swift */,
				F40C2DA622704F2200982E62 /* Chat.swift */,
				F40C2DAA2270501A00982E62 /* ChatMessageRepository.swift */,
				F40C2DAC2270502700982E62 /* ChatMessageDelegate.swift */,
				F40C2DA822704FD600982E62 /* ChatMessage.swift */,
			);
			name = Chat;
			sourceTree = "<group>";
		};
		F40F1F62225D188500487CA8 /* QR */ = {
			isa = PBXGroup;
			children = (
				F434E3C1225CDFE00005BD3B /* FriendRequest.swift */,
				F434E3BF225CDE470005BD3B /* QRCodeGenerator.swift */,
				F40F1F63225D189700487CA8 /* QRCodeValidator.swift */,
			);
			name = QR;
			sourceTree = "<group>";
		};
		F40F1F6722610DD300487CA8 /* Extensions */ = {
			isa = PBXGroup;
			children = (
				F40F1F6522610CD000487CA8 /* ImageExtension.swift */,
				F4A2E1C12281A71B00D6DCBA /* UIColorExtension.swift */,
				F4834820228CADCC00BC26FA /* DateFormatterExtension.swift */,
			);
			name = Extensions;
			sourceTree = "<group>";
		};
		F434E374224A44990005BD3B /* ServerConnection */ = {
			isa = PBXGroup;
			children = (
				F434E375224A44B80005BD3B /* ServerConnection.swift */,
				F434E376224A44B80005BD3B /* ServerConnectionProtocol.swift */,
				F434E385224D16CD0005BD3B /* AccessTokenAdapter.swift */,
				F4A2E1C32282DBDF00D6DCBA /* ServerSocketConnectionProtocol.swift */,
				F4A2E1C52282DBEF00D6DCBA /* ServerSocketConnection.swift */,
				F483481E228C4A0F00BC26FA /* ServerSocketConnectionDelegate.swift */,
			);
			name = ServerConnection;
			sourceTree = "<group>";
		};
		F434E379224A44BC0005BD3B /* Authentication */ = {
			isa = PBXGroup;
			children = (
				F434E37A224A44C90005BD3B /* AuthenticationRepository.swift */,
				F434E37B224A44C90005BD3B /* AuthUser.swift */,
				F434E387224E0FBC0005BD3B /* AuthenticationDelegate.swift */,
				F434E389224E219D0005BD3B /* LoginResponse.swift */,
			);
			name = Authentication;
			sourceTree = "<group>";
		};
		F434E380224C18C80005BD3B /* Mock */ = {
			isa = PBXGroup;
			children = (
				F434E381224C18E50005BD3B /* MockServerConnection.swift */,
			);
			name = Mock;
			sourceTree = "<group>";
		};
		F434E38B224E5A8B0005BD3B /* Components */ = {
			isa = PBXGroup;
			children = (
				F434E38C224E5AA10005BD3B /* RoundedImageView.swift */,
				F434E397224E7CB10005BD3B /* ImagePickerManager.swift */,
				F434E3B9225C98E90005BD3B /* RoundedTableViewImageView.swift */,
				F4DAD0A02266014D0083FC1E /* TagCollectionViewCell.swift */,
				F4DAD0A12266014D0083FC1E /* TagCollectionViewCell.xib */,
				BDE5947122980086000E51DD /* ChallengeViewCell.swift */,
			);
			name = Components;
			sourceTree = "<group>";
		};
		F434E390224E68EC0005BD3B /* User */ = {
			isa = PBXGroup;
			children = (
				F434E391224E690C0005BD3B /* UserRepository.swift */,
				F434E393224E69170005BD3B /* UserDelegate.swift */,
				F434E395224E69270005BD3B /* User.swift */,
				F4756D4B2299950F009768CC /* SearchUser.swift */,
			);
			name = User;
			sourceTree = "<group>";
		};
		F434E3B4225B695B0005BD3B /* Connection */ = {
			isa = PBXGroup;
			children = (
				F434E3B2225B69550005BD3B /* ConnectionRepository.swift */,
				F434E3B5225B6A450005BD3B /* ConnectionDelegate.swift */,
				F434E3B7225B6CA60005BD3B /* Connection.swift */,
			);
			name = Connection;
			sourceTree = "<group>";
		};
		F48789E62241133E000760BB /* MSAL */ = {
			isa = PBXGroup;
			children = (
				F48789E9224113BC000760BB /* GraphUser.swift */,
				F48789EB2241149C000760BB /* MSALClient.swift */,
				F48789ED224114B9000760BB /* MSALClientDelegate.swift */,
			);
			name = MSAL;
			sourceTree = "<group>";
		};
		F4B624D1223FAE110098238C = {
			isa = PBXGroup;
			children = (
				F4B624DC223FAE110098238C /* AvaBuddies */,
				F4B624F1223FAE120098238C /* AvaBuddiesTests */,
				F4B624DB223FAE110098238C /* Products */,
				52E83629E57ADCB640D9EB7B /* Pods */,
				10E7F2EDF8F1D3590BA7863C /* Frameworks */,
			);
			sourceTree = "<group>";
		};
		F4B624DB223FAE110098238C /* Products */ = {
			isa = PBXGroup;
			children = (
				F4B624DA223FAE110098238C /* AvaBuddies.app */,
				F4B624EE223FAE120098238C /* AvaBuddiesTests.xctest */,
			);
			name = Products;
			sourceTree = "<group>";
		};
		F4B624DC223FAE110098238C /* AvaBuddies */ = {
			isa = PBXGroup;
			children = (
				F4BEE1F92271ACAA00414E41 /* Data */,
				F40F1F6722610DD300487CA8 /* Extensions */,
				F40B5EA322413BED008E88BE /* Svg-images */,
				F4C3B9A4223FAFF900291D26 /* Misc */,
				F4C3B9A3223FAFF200291D26 /* Models */,
				F4C3B9A2223FAFE600291D26 /* Views */,
				F4C3B9A1223FAFDC00291D26 /* ViewControllers */,
			);
			path = AvaBuddies;
			sourceTree = "<group>";
		};
		F4B624F1223FAE120098238C /* AvaBuddiesTests */ = {
			isa = PBXGroup;
			children = (
				F434E380224C18C80005BD3B /* Mock */,
				F4B624F2223FAE120098238C /* ConnectionsTest.swift */,
				F434E383224C19630005BD3B /* AuthenticationTest.swift */,
				F4B624F4223FAE120098238C /* Info.plist */,
				F434E39E225156A00005BD3B /* UserTest.swift */,
				F4DAD0A42268804F0083FC1E /* TagsTest.swift */,
				F4834822228D975F00BC26FA /* ChatsTest.swift */,
				BD8CDD8E2272414900A20F19 /* SearchTest.swift */,
			);
			path = AvaBuddiesTests;
			sourceTree = "<group>";
		};
		F4BEE1F92271ACAA00414E41 /* Data */ = {
			isa = PBXGroup;
			children = (
				F4BEE1FA2271ACDC00414E41 /* ChatMessageModel.xcdatamodeld */,
			);
			name = Data;
			sourceTree = "<group>";
		};
		F4C3B9A1223FAFDC00291D26 /* ViewControllers */ = {
			isa = PBXGroup;
			children = (
				BDE5947A229C2540000E51DD /* Challenges */,
				F4D29C5D223FAECF00EE40CD /* LoginViewController.swift */,
				F43C05DE22438D730079513D /* ProfileViewController.swift */,
				F406EEDB2243998B00E5068A /* TabBarViewController.swift */,
				F434E3AE2257BA670005BD3B /* SearchPeopleViewController.swift */,
				BDD28B0F225F637300CCC8C9 /* RegisterViewController.swift */,
				F434E3B0225B4BEE0005BD3B /* PublicProfileViewController.swift */,
				F434E3BB225C9A220005BD3B /* NearbyViewController.swift */,
				F434E3BD225CCA8D0005BD3B /* QRFriendRequestViewController.swift */,
				F434E3C3225CF8190005BD3B /* QRScannerViewController.swift */,
				F4DAD0952265E57F0083FC1E /* SelectTagsViewController.swift */,
				F4EC001B226F1A7400685B24 /* ChatListViewController.swift */,
				F4EC001D226F1AA100685B24 /* ChatViewController.swift */,
				F40C2DAE22705B3900982E62 /* AddChatViewController.swift */,
			);
			name = ViewControllers;
			sourceTree = "<group>";
		};
		F4C3B9A2223FAFE600291D26 /* Views */ = {
			isa = PBXGroup;
			children = (
				F434E38B224E5A8B0005BD3B /* Components */,
				F4B624E1223FAE110098238C /* Main.storyboard */,
				F4B624E6223FAE120098238C /* LaunchScreen.storyboard */,
			);
			name = Views;
			sourceTree = "<group>";
		};
		F4C3B9A3223FAFF200291D26 /* Models */ = {
			isa = PBXGroup;
			children = (
				BDE5947322982041000E51DD /* Challenge */,
				F40C2DA122704C9100982E62 /* Chat */,
				F4DAD0992265F2C20083FC1E /* Tag */,
				F40F1F62225D188500487CA8 /* QR */,
				F434E3B4225B695B0005BD3B /* Connection */,
				F434E390224E68EC0005BD3B /* User */,
				F434E379224A44BC0005BD3B /* Authentication */,
				F434E374224A44990005BD3B /* ServerConnection */,
				F48789E62241133E000760BB /* MSAL */,
				F4B624DD223FAE110098238C /* AppDelegate.swift */,
				F40B5EA822413DCF008E88BE /* FileLoader.swift */,
				F40B5EAA22413E73008E88BE /* SvgFileLoader.swift */,
				F40B5EAC22413FB6008E88BE /* ResourceFile.swift */,
				F48789E72241135C000760BB /* Constants.swift */,
				F43C05E0224393BA0079513D /* SwinjectStoryboardSetup.swift */,
			);
			name = Models;
			sourceTree = "<group>";
		};
		F4C3B9A4223FAFF900291D26 /* Misc */ = {
			isa = PBXGroup;
			children = (
				F434E38E224E610E0005BD3B /* Assets.xcassets */,
				F48789E52241128B000760BB /* AvaBuddies.entitlements */,
				F4B624E9223FAE120098238C /* Info.plist */,
				F434E3AA225393C90005BD3B /* Localizable.strings */,
			);
			name = Misc;
			sourceTree = "<group>";
		};
		F4DAD0992265F2C20083FC1E /* Tag */ = {
			isa = PBXGroup;
			children = (
				F4DAD0972265E71C0083FC1E /* Tag.swift */,
				F4DAD09A2265F2DF0083FC1E /* TagRepository.swift */,
				F4DAD09C2265F3200083FC1E /* TagDelegate.swift */,
			);
			name = Tag;
			sourceTree = "<group>";
		};
/* End PBXGroup section */

/* Begin PBXNativeTarget section */
		F4B624D9223FAE110098238C /* AvaBuddies */ = {
			isa = PBXNativeTarget;
			buildConfigurationList = F4B624F7223FAE120098238C /* Build configuration list for PBXNativeTarget "AvaBuddies" */;
			buildPhases = (
				F29FBD5F468608E1D34D0BF4 /* [CP] Check Pods Manifest.lock */,
				F4B624D6223FAE110098238C /* Sources */,
				F4B624D7223FAE110098238C /* Frameworks */,
				F4B624D8223FAE110098238C /* Resources */,
				457E1DF9E64A5EB1B84169AA /* [CP] Embed Pods Frameworks */,
			);
			buildRules = (
			);
			dependencies = (
			);
			name = AvaBuddies;
			productName = AvaBuddies;
			productReference = F4B624DA223FAE110098238C /* AvaBuddies.app */;
			productType = "com.apple.product-type.application";
		};
		F4B624ED223FAE120098238C /* AvaBuddiesTests */ = {
			isa = PBXNativeTarget;
			buildConfigurationList = F4B624FA223FAE120098238C /* Build configuration list for PBXNativeTarget "AvaBuddiesTests" */;
			buildPhases = (
				F4B624EA223FAE120098238C /* Sources */,
				F4B624EB223FAE120098238C /* Frameworks */,
				F4B624EC223FAE120098238C /* Resources */,
			);
			buildRules = (
			);
			dependencies = (
				F4B624F0223FAE120098238C /* PBXTargetDependency */,
			);
			name = AvaBuddiesTests;
			productName = AvaBuddiesTests;
			productReference = F4B624EE223FAE120098238C /* AvaBuddiesTests.xctest */;
			productType = "com.apple.product-type.bundle.unit-test";
		};
/* End PBXNativeTarget section */

/* Begin PBXProject section */
		F4B624D2223FAE110098238C /* Project object */ = {
			isa = PBXProject;
			attributes = {
				LastSwiftUpdateCheck = 1010;
				LastUpgradeCheck = 1010;
				ORGANIZATIONNAME = "simon heij";
				TargetAttributes = {
					F4B624D9223FAE110098238C = {
						CreatedOnToolsVersion = 10.1;
						LastSwiftMigration = 1020;
						SystemCapabilities = {
							com.apple.Keychain = {
								enabled = 1;
							};
						};
					};
					F4B624ED223FAE120098238C = {
						CreatedOnToolsVersion = 10.1;
						LastSwiftMigration = 1020;
						TestTargetID = F4B624D9223FAE110098238C;
					};
				};
			};
			buildConfigurationList = F4B624D5223FAE110098238C /* Build configuration list for PBXProject "AvaBuddies" */;
			compatibilityVersion = "Xcode 9.3";
			developmentRegion = en;
			hasScannedForEncodings = 0;
			knownRegions = (
				en,
				Base,
			);
			mainGroup = F4B624D1223FAE110098238C;
			productRefGroup = F4B624DB223FAE110098238C /* Products */;
			projectDirPath = "";
			projectRoot = "";
			targets = (
				F4B624D9223FAE110098238C /* AvaBuddies */,
				F4B624ED223FAE120098238C /* AvaBuddiesTests */,
			);
		};
/* End PBXProject section */

/* Begin PBXResourcesBuildPhase section */
		F4B624D8223FAE110098238C /* Resources */ = {
			isa = PBXResourcesBuildPhase;
			buildActionMask = 2147483647;
			files = (
				F40B5EA222413925008E88BE /* avanade-logo-only.svg in Resources */,
				F4DAD0A32266014D0083FC1E /* TagCollectionViewCell.xib in Resources */,
				F434E3A8225393C90005BD3B /* Localizable.strings in Resources */,
				F40B5EA122413925008E88BE /* avanade-logo.svg in Resources */,
				F4B624E8223FAE120098238C /* LaunchScreen.storyboard in Resources */,
				F4B624E3223FAE110098238C /* Main.storyboard in Resources */,
				F434E38F224E610F0005BD3B /* Assets.xcassets in Resources */,
			);
			runOnlyForDeploymentPostprocessing = 0;
		};
		F4B624EC223FAE120098238C /* Resources */ = {
			isa = PBXResourcesBuildPhase;
			buildActionMask = 2147483647;
			files = (
			);
			runOnlyForDeploymentPostprocessing = 0;
		};
/* End PBXResourcesBuildPhase section */

/* Begin PBXShellScriptBuildPhase section */
		457E1DF9E64A5EB1B84169AA /* [CP] Embed Pods Frameworks */ = {
			isa = PBXShellScriptBuildPhase;
			buildActionMask = 2147483647;
			files = (
			);
			inputPaths = (
				"${SRCROOT}/Pods/Target Support Files/Pods-AvaBuddies/Pods-AvaBuddies-frameworks.sh",
				"${BUILT_PRODUCTS_DIR}/Alamofire/Alamofire.framework",
				"${BUILT_PRODUCTS_DIR}/CocoaLumberjack/CocoaLumberjack.framework",
				"${BUILT_PRODUCTS_DIR}/Localize-Swift/Localize_Swift.framework",
				"${BUILT_PRODUCTS_DIR}/MSAL/MSAL.framework",
				"${BUILT_PRODUCTS_DIR}/MessageInputBar/MessageInputBar.framework",
				"${BUILT_PRODUCTS_DIR}/MessageKit/MessageKit.framework",
				"${BUILT_PRODUCTS_DIR}/SVGKit/SVGKit.framework",
				"${BUILT_PRODUCTS_DIR}/Socket.IO-Client-Swift/SocketIO.framework",
				"${BUILT_PRODUCTS_DIR}/Starscream/Starscream.framework",
				"${BUILT_PRODUCTS_DIR}/Swinject/Swinject.framework",
				"${BUILT_PRODUCTS_DIR}/SwinjectStoryboard/SwinjectStoryboard.framework",
			);
			name = "[CP] Embed Pods Frameworks";
			outputPaths = (
				"${TARGET_BUILD_DIR}/${FRAMEWORKS_FOLDER_PATH}/Alamofire.framework",
				"${TARGET_BUILD_DIR}/${FRAMEWORKS_FOLDER_PATH}/CocoaLumberjack.framework",
				"${TARGET_BUILD_DIR}/${FRAMEWORKS_FOLDER_PATH}/Localize_Swift.framework",
				"${TARGET_BUILD_DIR}/${FRAMEWORKS_FOLDER_PATH}/MSAL.framework",
				"${TARGET_BUILD_DIR}/${FRAMEWORKS_FOLDER_PATH}/MessageInputBar.framework",
				"${TARGET_BUILD_DIR}/${FRAMEWORKS_FOLDER_PATH}/MessageKit.framework",
				"${TARGET_BUILD_DIR}/${FRAMEWORKS_FOLDER_PATH}/SVGKit.framework",
				"${TARGET_BUILD_DIR}/${FRAMEWORKS_FOLDER_PATH}/SocketIO.framework",
				"${TARGET_BUILD_DIR}/${FRAMEWORKS_FOLDER_PATH}/Starscream.framework",
				"${TARGET_BUILD_DIR}/${FRAMEWORKS_FOLDER_PATH}/Swinject.framework",
				"${TARGET_BUILD_DIR}/${FRAMEWORKS_FOLDER_PATH}/SwinjectStoryboard.framework",
			);
			runOnlyForDeploymentPostprocessing = 0;
			shellPath = /bin/sh;
			shellScript = "\"${SRCROOT}/Pods/Target Support Files/Pods-AvaBuddies/Pods-AvaBuddies-frameworks.sh\"\n";
			showEnvVarsInLog = 0;
		};
		F29FBD5F468608E1D34D0BF4 /* [CP] Check Pods Manifest.lock */ = {
			isa = PBXShellScriptBuildPhase;
			buildActionMask = 2147483647;
			files = (
			);
			inputPaths = (
				"${PODS_PODFILE_DIR_PATH}/Podfile.lock",
				"${PODS_ROOT}/Manifest.lock",
			);
			name = "[CP] Check Pods Manifest.lock";
			outputPaths = (
				"$(DERIVED_FILE_DIR)/Pods-AvaBuddies-checkManifestLockResult.txt",
			);
			runOnlyForDeploymentPostprocessing = 0;
			shellPath = /bin/sh;
			shellScript = "diff \"${PODS_PODFILE_DIR_PATH}/Podfile.lock\" \"${PODS_ROOT}/Manifest.lock\" > /dev/null\nif [ $? != 0 ] ; then\n    # print error to STDERR\n    echo \"error: The sandbox is not in sync with the Podfile.lock. Run 'pod install' or update your CocoaPods installation.\" >&2\n    exit 1\nfi\n# This output is used by Xcode 'outputs' to avoid re-running this script phase.\necho \"SUCCESS\" > \"${SCRIPT_OUTPUT_FILE_0}\"\n";
			showEnvVarsInLog = 0;
		};
/* End PBXShellScriptBuildPhase section */

/* Begin PBXSourcesBuildPhase section */
		F4B624D6223FAE110098238C /* Sources */ = {
			isa = PBXSourcesBuildPhase;
			buildActionMask = 2147483647;
			files = (
				F40F1F64225D189700487CA8 /* QRCodeValidator.swift in Sources */,
				F434E378224A44B80005BD3B /* ServerConnectionProtocol.swift in Sources */,
				F40F1F6622610CD000487CA8 /* ImageExtension.swift in Sources */,
				F434E394224E69170005BD3B /* UserDelegate.swift in Sources */,
				F40C2DA522704CC600982E62 /* ChatDelegate.swift in Sources */,
				F4DAD09B2265F2DF0083FC1E /* TagRepository.swift in Sources */,
				F434E3C0225CDE470005BD3B /* QRCodeGenerator.swift in Sources */,
				F40C2DA922704FD600982E62 /* ChatMessage.swift in Sources */,
				F48789EE224114B9000760BB /* MSALClientDelegate.swift in Sources */,
				F48789EC2241149C000760BB /* MSALClient.swift in Sources */,
				F4A2E1C42282DBDF00D6DCBA /* ServerSocketConnectionProtocol.swift in Sources */,
				BDE5947522982067000E51DD /* Challenge.swift in Sources */,
				F434E396224E69270005BD3B /* User.swift in Sources */,
				BDE5947222980086000E51DD /* ChallengeViewCell.swift in Sources */,
				F434E37C224A44C90005BD3B /* AuthenticationRepository.swift in Sources */,
				BDE594772298218F000E51DD /* ChallengeRepository.swift in Sources */,
				F434E3BA225C98E90005BD3B /* RoundedTableViewImageView.swift in Sources */,
				F40B5EAD22413FB6008E88BE /* ResourceFile.swift in Sources */,
				F4834821228CADCC00BC26FA /* DateFormatterExtension.swift in Sources */,
				F40B5EA922413DCF008E88BE /* FileLoader.swift in Sources */,
				F434E3BE225CCA8D0005BD3B /* QRFriendRequestViewController.swift in Sources */,
				F434E38A224E219D0005BD3B /* LoginResponse.swift in Sources */,
				F406EEDC2243998B00E5068A /* TabBarViewController.swift in Sources */,
				F40C2DAF22705B3900982E62 /* AddChatViewController.swift in Sources */,
				F43C05E1224393BA0079513D /* SwinjectStoryboardSetup.swift in Sources */,
				F4D29C5E223FAECF00EE40CD /* LoginViewController.swift in Sources */,
				F434E377224A44B80005BD3B /* ServerConnection.swift in Sources */,
				F434E3B1225B4BEE0005BD3B /* PublicProfileViewController.swift in Sources */,
				F434E3C2225CDFE00005BD3B /* FriendRequest.swift in Sources */,
				F434E386224D16CD0005BD3B /* AccessTokenAdapter.swift in Sources */,
				F434E37D224A44C90005BD3B /* AuthUser.swift in Sources */,
				F434E3C4225CF8190005BD3B /* QRScannerViewController.swift in Sources */,
				F4B624DE223FAE110098238C /* AppDelegate.swift in Sources */,
				F4BEE1FC2271ACDC00414E41 /* ChatMessageModel.xcdatamodeld in Sources */,
				F40C2DAB2270501A00982E62 /* ChatMessageRepository.swift in Sources */,
				F43C05DF22438D730079513D /* ProfileViewController.swift in Sources */,
				F4EC001C226F1A7400685B24 /* ChatListViewController.swift in Sources */,
				F4756D4C2299950F009768CC /* SearchUser.swift in Sources */,
				F434E388224E0FBC0005BD3B /* AuthenticationDelegate.swift in Sources */,
				F434E38D224E5AA10005BD3B /* RoundedImageView.swift in Sources */,
				F4DAD0962265E57F0083FC1E /* SelectTagsViewController.swift in Sources */,
				F434E392224E690C0005BD3B /* UserRepository.swift in Sources */,
				F434E3AF2257BA670005BD3B /* SearchPeopleViewController.swift in Sources */,
				BDE59479229821EB000E51DD /* ChallengeDelegate.swift in Sources */,
				F40B5EAB22413E73008E88BE /* SvgFileLoader.swift in Sources */,
				F40C2DAD2270502700982E62 /* ChatMessageDelegate.swift in Sources */,
				BDE594702297F824000E51DD /* ChallengeViewController.swift in Sources */,
				F48789E82241135C000760BB /* Constants.swift in Sources */,
				F4DAD0982265E71C0083FC1E /* Tag.swift in Sources */,
				F4A2E1C22281A71B00D6DCBA /* UIColorExtension.swift in Sources */,
				F483481F228C4A0F00BC26FA /* ServerSocketConnectionDelegate.swift in Sources */,
				BDD28B10225F637300CCC8C9 /* RegisterViewController.swift in Sources */,
				F40C2DA722704F2200982E62 /* Chat.swift in Sources */,
				F48789EA224113BC000760BB /* GraphUser.swift in Sources */,
				F434E398224E7CB10005BD3B /* ImagePickerManager.swift in Sources */,
				F4A2E1C62282DBEF00D6DCBA /* ServerSocketConnection.swift in Sources */,
				BDE5947C229C25EF000E51DD /* ChallengeDetailsViewController.swift in Sources */,
				F434E3B6225B6A450005BD3B /* ConnectionDelegate.swift in Sources */,
				F4DAD0A22266014D0083FC1E /* TagCollectionViewCell.swift in Sources */,
				F434E3B8225B6CA60005BD3B /* Connection.swift in Sources */,
				F40C2DA322704CA800982E62 /* ChatRepository.swift in Sources */,
				F434E3B3225B69550005BD3B /* ConnectionRepository.swift in Sources */,
				F434E3BC225C9A220005BD3B /* NearbyViewController.swift in Sources */,
				F4EC001E226F1AA100685B24 /* ChatViewController.swift in Sources */,
				F4DAD09D2265F3200083FC1E /* TagDelegate.swift in Sources */,
			);
			runOnlyForDeploymentPostprocessing = 0;
		};
		F4B624EA223FAE120098238C /* Sources */ = {
			isa = PBXSourcesBuildPhase;
			buildActionMask = 2147483647;
			files = (
				F434E39F225156A00005BD3B /* UserTest.swift in Sources */,
				F4834823228D975F00BC26FA /* ChatsTest.swift in Sources */,
				F434E384224C19630005BD3B /* AuthenticationTest.swift in Sources */,
				F434E382224C18E50005BD3B /* MockServerConnection.swift in Sources */,
				F4B624F3223FAE120098238C /* ConnectionsTest.swift in Sources */,
				F4DAD0A52268804F0083FC1E /* TagsTest.swift in Sources */,
				BD8CDD8F2272414900A20F19 /* SearchTest.swift in Sources */,
			);
			runOnlyForDeploymentPostprocessing = 0;
		};
/* End PBXSourcesBuildPhase section */

/* Begin PBXTargetDependency section */
		F4B624F0223FAE120098238C /* PBXTargetDependency */ = {
			isa = PBXTargetDependency;
			target = F4B624D9223FAE110098238C /* AvaBuddies */;
			targetProxy = F4B624EF223FAE120098238C /* PBXContainerItemProxy */;
		};
/* End PBXTargetDependency section */

/* Begin PBXVariantGroup section */
		F434E3AA225393C90005BD3B /* Localizable.strings */ = {
			isa = PBXVariantGroup;
			children = (
				F434E3A9225393C90005BD3B /* en */,
			);
			name = Localizable.strings;
			sourceTree = "<group>";
		};
		F4B624E1223FAE110098238C /* Main.storyboard */ = {
			isa = PBXVariantGroup;
			children = (
				F4DAD093226359100083FC1E /* Base */,
			);
			name = Main.storyboard;
			sourceTree = "<group>";
		};
		F4B624E6223FAE120098238C /* LaunchScreen.storyboard */ = {
			isa = PBXVariantGroup;
			children = (
				F4DAD094226359100083FC1E /* Base */,
			);
			name = LaunchScreen.storyboard;
			sourceTree = "<group>";
		};
/* End PBXVariantGroup section */

/* Begin XCBuildConfiguration section */
		F4B624F5223FAE120098238C /* Debug */ = {
			isa = XCBuildConfiguration;
			buildSettings = {
				ALWAYS_SEARCH_USER_PATHS = NO;
				CLANG_ANALYZER_LOCALIZABILITY_NONLOCALIZED = YES;
				CLANG_ANALYZER_NONNULL = YES;
				CLANG_ANALYZER_NUMBER_OBJECT_CONVERSION = YES_AGGRESSIVE;
				CLANG_CXX_LANGUAGE_STANDARD = "gnu++14";
				CLANG_CXX_LIBRARY = "libc++";
				CLANG_ENABLE_MODULES = YES;
				CLANG_ENABLE_OBJC_ARC = YES;
				CLANG_ENABLE_OBJC_WEAK = YES;
				CLANG_WARN_BLOCK_CAPTURE_AUTORELEASING = YES;
				CLANG_WARN_BOOL_CONVERSION = YES;
				CLANG_WARN_COMMA = YES;
				CLANG_WARN_CONSTANT_CONVERSION = YES;
				CLANG_WARN_DEPRECATED_OBJC_IMPLEMENTATIONS = YES;
				CLANG_WARN_DIRECT_OBJC_ISA_USAGE = YES_ERROR;
				CLANG_WARN_DOCUMENTATION_COMMENTS = YES;
				CLANG_WARN_EMPTY_BODY = YES;
				CLANG_WARN_ENUM_CONVERSION = YES;
				CLANG_WARN_INFINITE_RECURSION = YES;
				CLANG_WARN_INT_CONVERSION = YES;
				CLANG_WARN_NON_LITERAL_NULL_CONVERSION = YES;
				CLANG_WARN_OBJC_IMPLICIT_RETAIN_SELF = YES;
				CLANG_WARN_OBJC_LITERAL_CONVERSION = YES;
				CLANG_WARN_OBJC_ROOT_CLASS = YES_ERROR;
				CLANG_WARN_RANGE_LOOP_ANALYSIS = YES;
				CLANG_WARN_STRICT_PROTOTYPES = YES;
				CLANG_WARN_SUSPICIOUS_MOVE = YES;
				CLANG_WARN_UNGUARDED_AVAILABILITY = YES_AGGRESSIVE;
				CLANG_WARN_UNREACHABLE_CODE = YES;
				CLANG_WARN__DUPLICATE_METHOD_MATCH = YES;
				CODE_SIGN_IDENTITY = "iPhone Developer";
				COPY_PHASE_STRIP = NO;
				DEBUG_INFORMATION_FORMAT = dwarf;
				ENABLE_STRICT_OBJC_MSGSEND = YES;
				ENABLE_TESTABILITY = YES;
				GCC_C_LANGUAGE_STANDARD = gnu11;
				GCC_DYNAMIC_NO_PIC = NO;
				GCC_NO_COMMON_BLOCKS = YES;
				GCC_OPTIMIZATION_LEVEL = 0;
				GCC_PREPROCESSOR_DEFINITIONS = (
					"DEBUG=1",
					"$(inherited)",
				);
				GCC_WARN_64_TO_32_BIT_CONVERSION = YES;
				GCC_WARN_ABOUT_RETURN_TYPE = YES_ERROR;
				GCC_WARN_UNDECLARED_SELECTOR = YES;
				GCC_WARN_UNINITIALIZED_AUTOS = YES_AGGRESSIVE;
				GCC_WARN_UNUSED_FUNCTION = YES;
				GCC_WARN_UNUSED_VARIABLE = YES;
				IPHONEOS_DEPLOYMENT_TARGET = 12.1;
				MTL_ENABLE_DEBUG_INFO = INCLUDE_SOURCE;
				MTL_FAST_MATH = YES;
				ONLY_ACTIVE_ARCH = YES;
				SDKROOT = iphoneos;
				SWIFT_ACTIVE_COMPILATION_CONDITIONS = DEBUG;
				SWIFT_OPTIMIZATION_LEVEL = "-Onone";
			};
			name = Debug;
		};
		F4B624F6223FAE120098238C /* Release */ = {
			isa = XCBuildConfiguration;
			buildSettings = {
				ALWAYS_SEARCH_USER_PATHS = NO;
				CLANG_ANALYZER_LOCALIZABILITY_NONLOCALIZED = YES;
				CLANG_ANALYZER_NONNULL = YES;
				CLANG_ANALYZER_NUMBER_OBJECT_CONVERSION = YES_AGGRESSIVE;
				CLANG_CXX_LANGUAGE_STANDARD = "gnu++14";
				CLANG_CXX_LIBRARY = "libc++";
				CLANG_ENABLE_MODULES = YES;
				CLANG_ENABLE_OBJC_ARC = YES;
				CLANG_ENABLE_OBJC_WEAK = YES;
				CLANG_WARN_BLOCK_CAPTURE_AUTORELEASING = YES;
				CLANG_WARN_BOOL_CONVERSION = YES;
				CLANG_WARN_COMMA = YES;
				CLANG_WARN_CONSTANT_CONVERSION = YES;
				CLANG_WARN_DEPRECATED_OBJC_IMPLEMENTATIONS = YES;
				CLANG_WARN_DIRECT_OBJC_ISA_USAGE = YES_ERROR;
				CLANG_WARN_DOCUMENTATION_COMMENTS = YES;
				CLANG_WARN_EMPTY_BODY = YES;
				CLANG_WARN_ENUM_CONVERSION = YES;
				CLANG_WARN_INFINITE_RECURSION = YES;
				CLANG_WARN_INT_CONVERSION = YES;
				CLANG_WARN_NON_LITERAL_NULL_CONVERSION = YES;
				CLANG_WARN_OBJC_IMPLICIT_RETAIN_SELF = YES;
				CLANG_WARN_OBJC_LITERAL_CONVERSION = YES;
				CLANG_WARN_OBJC_ROOT_CLASS = YES_ERROR;
				CLANG_WARN_RANGE_LOOP_ANALYSIS = YES;
				CLANG_WARN_STRICT_PROTOTYPES = YES;
				CLANG_WARN_SUSPICIOUS_MOVE = YES;
				CLANG_WARN_UNGUARDED_AVAILABILITY = YES_AGGRESSIVE;
				CLANG_WARN_UNREACHABLE_CODE = YES;
				CLANG_WARN__DUPLICATE_METHOD_MATCH = YES;
				CODE_SIGN_IDENTITY = "iPhone Developer";
				COPY_PHASE_STRIP = NO;
				DEBUG_INFORMATION_FORMAT = "dwarf-with-dsym";
				ENABLE_NS_ASSERTIONS = NO;
				ENABLE_STRICT_OBJC_MSGSEND = YES;
				GCC_C_LANGUAGE_STANDARD = gnu11;
				GCC_NO_COMMON_BLOCKS = YES;
				GCC_WARN_64_TO_32_BIT_CONVERSION = YES;
				GCC_WARN_ABOUT_RETURN_TYPE = YES_ERROR;
				GCC_WARN_UNDECLARED_SELECTOR = YES;
				GCC_WARN_UNINITIALIZED_AUTOS = YES_AGGRESSIVE;
				GCC_WARN_UNUSED_FUNCTION = YES;
				GCC_WARN_UNUSED_VARIABLE = YES;
				IPHONEOS_DEPLOYMENT_TARGET = 12.1;
				MTL_ENABLE_DEBUG_INFO = NO;
				MTL_FAST_MATH = YES;
				SDKROOT = iphoneos;
				SWIFT_COMPILATION_MODE = wholemodule;
				SWIFT_OPTIMIZATION_LEVEL = "-O";
				VALIDATE_PRODUCT = YES;
			};
			name = Release;
		};
		F4B624F8223FAE120098238C /* Debug */ = {
			isa = XCBuildConfiguration;
			baseConfigurationReference = C596E86C33A3472EB45C3DB7 /* Pods-AvaBuddies.debug.xcconfig */;
			buildSettings = {
				ASSETCATALOG_COMPILER_APPICON_NAME = AppIcon;
				CODE_SIGN_ENTITLEMENTS = AvaBuddies/AvaBuddies.entitlements;
				CODE_SIGN_IDENTITY = "iPhone Developer";
				CODE_SIGN_STYLE = Automatic;
				DEVELOPMENT_TEAM = WFRP4F9Y8V;
				INFOPLIST_FILE = AvaBuddies/Info.plist;
				IPHONEOS_DEPLOYMENT_TARGET = 10.0;
				LD_RUNPATH_SEARCH_PATHS = (
					"$(inherited)",
					"@executable_path/Frameworks",
				);
				PRODUCT_BUNDLE_IDENTIFIER = com.example.AvaBuddies;
				PRODUCT_NAME = "$(TARGET_NAME)";
				PROVISIONING_PROFILE_SPECIFIER = "";
				SWIFT_VERSION = 5.0;
				TARGETED_DEVICE_FAMILY = "1,2";
			};
			name = Debug;
		};
		F4B624F9223FAE120098238C /* Release */ = {
			isa = XCBuildConfiguration;
			baseConfigurationReference = 0CD620B56E03C2948D7B6BBF /* Pods-AvaBuddies.release.xcconfig */;
			buildSettings = {
				ASSETCATALOG_COMPILER_APPICON_NAME = AppIcon;
				CODE_SIGN_ENTITLEMENTS = AvaBuddies/AvaBuddies.entitlements;
				CODE_SIGN_IDENTITY = "iPhone Developer";
				CODE_SIGN_STYLE = Automatic;
				DEVELOPMENT_TEAM = WFRP4F9Y8V;
				INFOPLIST_FILE = AvaBuddies/Info.plist;
				IPHONEOS_DEPLOYMENT_TARGET = 10.0;
				LD_RUNPATH_SEARCH_PATHS = (
					"$(inherited)",
					"@executable_path/Frameworks",
				);
				PRODUCT_BUNDLE_IDENTIFIER = com.example.AvaBuddies;
				PRODUCT_NAME = "$(TARGET_NAME)";
				PROVISIONING_PROFILE_SPECIFIER = "";
				SWIFT_VERSION = 5.0;
				TARGETED_DEVICE_FAMILY = "1,2";
			};
			name = Release;
		};
		F4B624FB223FAE120098238C /* Debug */ = {
			isa = XCBuildConfiguration;
			buildSettings = {
				ALWAYS_EMBED_SWIFT_STANDARD_LIBRARIES = YES;
				BUNDLE_LOADER = "$(TEST_HOST)";
				CODE_SIGN_STYLE = Automatic;
				DEVELOPMENT_TEAM = WFRP4F9Y8V;
				INFOPLIST_FILE = AvaBuddiesTests/Info.plist;
				LD_RUNPATH_SEARCH_PATHS = (
					"$(inherited)",
					"@executable_path/Frameworks",
					"@loader_path/Frameworks",
				);
				PRODUCT_BUNDLE_IDENTIFIER = com.example.AvaBuddiesTests;
				PRODUCT_NAME = "$(TARGET_NAME)";
				SWIFT_VERSION = 5.0;
				TARGETED_DEVICE_FAMILY = "1,2";
				TEST_HOST = "$(BUILT_PRODUCTS_DIR)/AvaBuddies.app/AvaBuddies";
			};
			name = Debug;
		};
		F4B624FC223FAE120098238C /* Release */ = {
			isa = XCBuildConfiguration;
			buildSettings = {
				ALWAYS_EMBED_SWIFT_STANDARD_LIBRARIES = YES;
				BUNDLE_LOADER = "$(TEST_HOST)";
				CODE_SIGN_STYLE = Automatic;
				DEVELOPMENT_TEAM = WFRP4F9Y8V;
				INFOPLIST_FILE = AvaBuddiesTests/Info.plist;
				LD_RUNPATH_SEARCH_PATHS = (
					"$(inherited)",
					"@executable_path/Frameworks",
					"@loader_path/Frameworks",
				);
				PRODUCT_BUNDLE_IDENTIFIER = com.example.AvaBuddiesTests;
				PRODUCT_NAME = "$(TARGET_NAME)";
				SWIFT_VERSION = 5.0;
				TARGETED_DEVICE_FAMILY = "1,2";
				TEST_HOST = "$(BUILT_PRODUCTS_DIR)/AvaBuddies.app/AvaBuddies";
			};
			name = Release;
		};
/* End XCBuildConfiguration section */

/* Begin XCConfigurationList section */
		F4B624D5223FAE110098238C /* Build configuration list for PBXProject "AvaBuddies" */ = {
			isa = XCConfigurationList;
			buildConfigurations = (
				F4B624F5223FAE120098238C /* Debug */,
				F4B624F6223FAE120098238C /* Release */,
			);
			defaultConfigurationIsVisible = 0;
			defaultConfigurationName = Release;
		};
		F4B624F7223FAE120098238C /* Build configuration list for PBXNativeTarget "AvaBuddies" */ = {
			isa = XCConfigurationList;
			buildConfigurations = (
				F4B624F8223FAE120098238C /* Debug */,
				F4B624F9223FAE120098238C /* Release */,
			);
			defaultConfigurationIsVisible = 0;
			defaultConfigurationName = Release;
		};
		F4B624FA223FAE120098238C /* Build configuration list for PBXNativeTarget "AvaBuddiesTests" */ = {
			isa = XCConfigurationList;
			buildConfigurations = (
				F4B624FB223FAE120098238C /* Debug */,
				F4B624FC223FAE120098238C /* Release */,
			);
			defaultConfigurationIsVisible = 0;
			defaultConfigurationName = Release;
		};
/* End XCConfigurationList section */

/* Begin XCVersionGroup section */
		F4BEE1FA2271ACDC00414E41 /* ChatMessageModel.xcdatamodeld */ = {
			isa = XCVersionGroup;
			children = (
				F4BEE1FB2271ACDC00414E41 /* ChatMessageModel.xcdatamodel */,
			);
			currentVersion = F4BEE1FB2271ACDC00414E41 /* ChatMessageModel.xcdatamodel */;
			path = ChatMessageModel.xcdatamodeld;
			sourceTree = "<group>";
			versionGroupType = wrapper.xcdatamodel;
		};
/* End XCVersionGroup section */
	};
	rootObject = F4B624D2223FAE110098238C /* Project object */;
}
