// !$*UTF8*$!
{
	archiveVersion = 1;
	classes = {
	};
	objectVersion = 50;
	objects = {

/* Begin PBXBuildFile section */
		1D239E0485DB001D3F349F51 /* Pods_AvaBuddies.framework in Frameworks */ = {isa = PBXBuildFile; fileRef = 20D62F073C75BB01D93C6DA3 /* Pods_AvaBuddies.framework */; };
		F406EEDC2243998B00E5068A /* TabBarViewController.swift in Sources */ = {isa = PBXBuildFile; fileRef = F406EEDB2243998B00E5068A /* TabBarViewController.swift */; };
		F40B5EA122413925008E88BE /* avanade-logo.svg in Resources */ = {isa = PBXBuildFile; fileRef = F40B5E9F22413925008E88BE /* avanade-logo.svg */; };
		F40B5EA222413925008E88BE /* avanade-logo-only.svg in Resources */ = {isa = PBXBuildFile; fileRef = F40B5EA022413925008E88BE /* avanade-logo-only.svg */; };
		F40B5EA922413DCF008E88BE /* FileLoader.swift in Sources */ = {isa = PBXBuildFile; fileRef = F40B5EA822413DCF008E88BE /* FileLoader.swift */; };
		F40B5EAB22413E73008E88BE /* SvgFileLoader.swift in Sources */ = {isa = PBXBuildFile; fileRef = F40B5EAA22413E73008E88BE /* SvgFileLoader.swift */; };
		F40B5EAD22413FB6008E88BE /* ResourceFile.swift in Sources */ = {isa = PBXBuildFile; fileRef = F40B5EAC22413FB6008E88BE /* ResourceFile.swift */; };
		F43C05DF22438D730079513D /* AccountViewController.swift in Sources */ = {isa = PBXBuildFile; fileRef = F43C05DE22438D730079513D /* AccountViewController.swift */; };
		F43C05E1224393BA0079513D /* SwinjectStoryboardSetup.swift in Sources */ = {isa = PBXBuildFile; fileRef = F43C05E0224393BA0079513D /* SwinjectStoryboardSetup.swift */; };
		F48789E82241135C000760BB /* Constants.swift in Sources */ = {isa = PBXBuildFile; fileRef = F48789E72241135C000760BB /* Constants.swift */; };
		F48789EA224113BC000760BB /* GraphUser.swift in Sources */ = {isa = PBXBuildFile; fileRef = F48789E9224113BC000760BB /* GraphUser.swift */; };
		F48789EC2241149C000760BB /* MSALClient.swift in Sources */ = {isa = PBXBuildFile; fileRef = F48789EB2241149C000760BB /* MSALClient.swift */; };
		F48789EE224114B9000760BB /* MSALClientDelegate.swift in Sources */ = {isa = PBXBuildFile; fileRef = F48789ED224114B9000760BB /* MSALClientDelegate.swift */; };
		F4B624DE223FAE110098238C /* AppDelegate.swift in Sources */ = {isa = PBXBuildFile; fileRef = F4B624DD223FAE110098238C /* AppDelegate.swift */; };
		F4B624E3223FAE110098238C /* Main.storyboard in Resources */ = {isa = PBXBuildFile; fileRef = F4B624E1223FAE110098238C /* Main.storyboard */; };
		F4B624E5223FAE120098238C /* Assets.xcassets in Resources */ = {isa = PBXBuildFile; fileRef = F4B624E4223FAE120098238C /* Assets.xcassets */; };
		F4B624E8223FAE120098238C /* LaunchScreen.storyboard in Resources */ = {isa = PBXBuildFile; fileRef = F4B624E6223FAE120098238C /* LaunchScreen.storyboard */; };
		F4B624F3223FAE120098238C /* AvaBuddiesTests.swift in Sources */ = {isa = PBXBuildFile; fileRef = F4B624F2223FAE120098238C /* AvaBuddiesTests.swift */; };
		F4D29C5E223FAECF00EE40CD /* LoginViewController.swift in Sources */ = {isa = PBXBuildFile; fileRef = F4D29C5D223FAECF00EE40CD /* LoginViewController.swift */; };
/* End PBXBuildFile section */

/* Begin PBXContainerItemProxy section */
		F4B624EF223FAE120098238C /* PBXContainerItemProxy */ = {
			isa = PBXContainerItemProxy;
			containerPortal = F4B624D2223FAE110098238C /* Project object */;
			proxyType = 1;
			remoteGlobalIDString = F4B624D9223FAE110098238C;
			remoteInfo = AvaBuddies;
		};
/* End PBXContainerItemProxy section */

/* Begin PBXFileReference section */
		0CD620B56E03C2948D7B6BBF /* Pods-AvaBuddies.release.xcconfig */ = {isa = PBXFileReference; includeInIndex = 1; lastKnownFileType = text.xcconfig; name = "Pods-AvaBuddies.release.xcconfig"; path = "Pods/Target Support Files/Pods-AvaBuddies/Pods-AvaBuddies.release.xcconfig"; sourceTree = "<group>"; };
		20D62F073C75BB01D93C6DA3 /* Pods_AvaBuddies.framework */ = {isa = PBXFileReference; explicitFileType = wrapper.framework; includeInIndex = 0; path = Pods_AvaBuddies.framework; sourceTree = BUILT_PRODUCTS_DIR; };
		C596E86C33A3472EB45C3DB7 /* Pods-AvaBuddies.debug.xcconfig */ = {isa = PBXFileReference; includeInIndex = 1; lastKnownFileType = text.xcconfig; name = "Pods-AvaBuddies.debug.xcconfig"; path = "Pods/Target Support Files/Pods-AvaBuddies/Pods-AvaBuddies.debug.xcconfig"; sourceTree = "<group>"; };
		F406EEDB2243998B00E5068A /* TabBarViewController.swift */ = {isa = PBXFileReference; lastKnownFileType = sourcecode.swift; path = TabBarViewController.swift; sourceTree = "<group>"; };
		F40B5E9F22413925008E88BE /* avanade-logo.svg */ = {isa = PBXFileReference; fileEncoding = 4; lastKnownFileType = text.xml; path = "avanade-logo.svg"; sourceTree = "<group>"; };
		F40B5EA022413925008E88BE /* avanade-logo-only.svg */ = {isa = PBXFileReference; fileEncoding = 4; lastKnownFileType = text.xml; path = "avanade-logo-only.svg"; sourceTree = "<group>"; };
		F40B5EA822413DCF008E88BE /* FileLoader.swift */ = {isa = PBXFileReference; lastKnownFileType = sourcecode.swift; path = FileLoader.swift; sourceTree = "<group>"; };
		F40B5EAA22413E73008E88BE /* SvgFileLoader.swift */ = {isa = PBXFileReference; lastKnownFileType = sourcecode.swift; path = SvgFileLoader.swift; sourceTree = "<group>"; };
		F40B5EAC22413FB6008E88BE /* ResourceFile.swift */ = {isa = PBXFileReference; lastKnownFileType = sourcecode.swift; path = ResourceFile.swift; sourceTree = "<group>"; };
		F43C05DE22438D730079513D /* AccountViewController.swift */ = {isa = PBXFileReference; lastKnownFileType = sourcecode.swift; path = AccountViewController.swift; sourceTree = "<group>"; };
		F43C05E0224393BA0079513D /* SwinjectStoryboardSetup.swift */ = {isa = PBXFileReference; lastKnownFileType = sourcecode.swift; path = SwinjectStoryboardSetup.swift; sourceTree = "<group>"; };
		F48789E52241128B000760BB /* AvaBuddies.entitlements */ = {isa = PBXFileReference; lastKnownFileType = text.plist.entitlements; path = AvaBuddies.entitlements; sourceTree = "<group>"; };
		F48789E72241135C000760BB /* Constants.swift */ = {isa = PBXFileReference; lastKnownFileType = sourcecode.swift; path = Constants.swift; sourceTree = "<group>"; };
		F48789E9224113BC000760BB /* GraphUser.swift */ = {isa = PBXFileReference; lastKnownFileType = sourcecode.swift; path = GraphUser.swift; sourceTree = "<group>"; };
		F48789EB2241149C000760BB /* MSALClient.swift */ = {isa = PBXFileReference; lastKnownFileType = sourcecode.swift; path = MSALClient.swift; sourceTree = "<group>"; };
		F48789ED224114B9000760BB /* MSALClientDelegate.swift */ = {isa = PBXFileReference; lastKnownFileType = sourcecode.swift; path = MSALClientDelegate.swift; sourceTree = "<group>"; };
		F4B624DA223FAE110098238C /* AvaBuddies.app */ = {isa = PBXFileReference; explicitFileType = wrapper.application; includeInIndex = 0; path = AvaBuddies.app; sourceTree = BUILT_PRODUCTS_DIR; };
		F4B624DD223FAE110098238C /* AppDelegate.swift */ = {isa = PBXFileReference; lastKnownFileType = sourcecode.swift; path = AppDelegate.swift; sourceTree = "<group>"; };
		F4B624E2223FAE110098238C /* Base */ = {isa = PBXFileReference; lastKnownFileType = file.storyboard; name = Base; path = Base.lproj/Main.storyboard; sourceTree = "<group>"; };
		F4B624E4223FAE120098238C /* Assets.xcassets */ = {isa = PBXFileReference; lastKnownFileType = folder.assetcatalog; path = Assets.xcassets; sourceTree = "<group>"; };
		F4B624E7223FAE120098238C /* Base */ = {isa = PBXFileReference; lastKnownFileType = file.storyboard; name = Base; path = Base.lproj/LaunchScreen.storyboard; sourceTree = "<group>"; };
		F4B624E9223FAE120098238C /* Info.plist */ = {isa = PBXFileReference; lastKnownFileType = text.plist.xml; path = Info.plist; sourceTree = "<group>"; };
		F4B624EE223FAE120098238C /* AvaBuddiesTests.xctest */ = {isa = PBXFileReference; explicitFileType = wrapper.cfbundle; includeInIndex = 0; path = AvaBuddiesTests.xctest; sourceTree = BUILT_PRODUCTS_DIR; };
		F4B624F2223FAE120098238C /* AvaBuddiesTests.swift */ = {isa = PBXFileReference; lastKnownFileType = sourcecode.swift; path = AvaBuddiesTests.swift; sourceTree = "<group>"; };
		F4B624F4223FAE120098238C /* Info.plist */ = {isa = PBXFileReference; lastKnownFileType = text.plist.xml; path = Info.plist; sourceTree = "<group>"; };
		F4D29C5D223FAECF00EE40CD /* LoginViewController.swift */ = {isa = PBXFileReference; lastKnownFileType = sourcecode.swift; path = LoginViewController.swift; sourceTree = "<group>"; };
/* End PBXFileReference section */

/* Begin PBXFrameworksBuildPhase section */
		F4B624D7223FAE110098238C /* Frameworks */ = {
			isa = PBXFrameworksBuildPhase;
			buildActionMask = 2147483647;
			files = (
				1D239E0485DB001D3F349F51 /* Pods_AvaBuddies.framework in Frameworks */,
			);
			runOnlyForDeploymentPostprocessing = 0;
		};
		F4B624EB223FAE120098238C /* Frameworks */ = {
			isa = PBXFrameworksBuildPhase;
			buildActionMask = 2147483647;
			files = (
			);
			runOnlyForDeploymentPostprocessing = 0;
		};
/* End PBXFrameworksBuildPhase section */

/* Begin PBXGroup section */
		10E7F2EDF8F1D3590BA7863C /* Frameworks */ = {
			isa = PBXGroup;
			children = (
				20D62F073C75BB01D93C6DA3 /* Pods_AvaBuddies.framework */,
			);
			name = Frameworks;
			sourceTree = "<group>";
		};
		52E83629E57ADCB640D9EB7B /* Pods */ = {
			isa = PBXGroup;
			children = (
				C596E86C33A3472EB45C3DB7 /* Pods-AvaBuddies.debug.xcconfig */,
				0CD620B56E03C2948D7B6BBF /* Pods-AvaBuddies.release.xcconfig */,
			);
			name = Pods;
			sourceTree = "<group>";
		};
		F40B5EA322413BED008E88BE /* Svg-images */ = {
			isa = PBXGroup;
			children = (
				F40B5EA022413925008E88BE /* avanade-logo-only.svg */,
				F40B5E9F22413925008E88BE /* avanade-logo.svg */,
			);
			name = "Svg-images";
			sourceTree = "<group>";
		};
		F48789E62241133E000760BB /* MSAL */ = {
			isa = PBXGroup;
			children = (
				F48789E9224113BC000760BB /* GraphUser.swift */,
				F48789EB2241149C000760BB /* MSALClient.swift */,
				F48789ED224114B9000760BB /* MSALClientDelegate.swift */,
			);
			name = MSAL;
			sourceTree = "<group>";
		};
		F4B624D1223FAE110098238C = {
			isa = PBXGroup;
			children = (
				F4B624DC223FAE110098238C /* AvaBuddies */,
				F4B624F1223FAE120098238C /* AvaBuddiesTests */,
				F4B624DB223FAE110098238C /* Products */,
				52E83629E57ADCB640D9EB7B /* Pods */,
				10E7F2EDF8F1D3590BA7863C /* Frameworks */,
			);
			sourceTree = "<group>";
		};
		F4B624DB223FAE110098238C /* Products */ = {
			isa = PBXGroup;
			children = (
				F4B624DA223FAE110098238C /* AvaBuddies.app */,
				F4B624EE223FAE120098238C /* AvaBuddiesTests.xctest */,
			);
			name = Products;
			sourceTree = "<group>";
		};
		F4B624DC223FAE110098238C /* AvaBuddies */ = {
			isa = PBXGroup;
			children = (
				F40B5EA322413BED008E88BE /* Svg-images */,
				F4C3B9A4223FAFF900291D26 /* Misc */,
				F4C3B9A3223FAFF200291D26 /* Models */,
				F4C3B9A2223FAFE600291D26 /* Views */,
				F4C3B9A1223FAFDC00291D26 /* ViewControllers */,
			);
			path = AvaBuddies;
			sourceTree = "<group>";
		};
		F4B624F1223FAE120098238C /* AvaBuddiesTests */ = {
			isa = PBXGroup;
			children = (
				F4B624F2223FAE120098238C /* AvaBuddiesTests.swift */,
				F4B624F4223FAE120098238C /* Info.plist */,
			);
			path = AvaBuddiesTests;
			sourceTree = "<group>";
		};
		F4C3B9A1223FAFDC00291D26 /* ViewControllers */ = {
			isa = PBXGroup;
			children = (
				F4D29C5D223FAECF00EE40CD /* LoginViewController.swift */,
				F43C05DE22438D730079513D /* AccountViewController.swift */,
				F406EEDB2243998B00E5068A /* TabBarViewController.swift */,
			);
			name = ViewControllers;
			sourceTree = "<group>";
		};
		F4C3B9A2223FAFE600291D26 /* Views */ = {
			isa = PBXGroup;
			children = (
				F4B624E1223FAE110098238C /* Main.storyboard */,
				F4B624E6223FAE120098238C /* LaunchScreen.storyboard */,
			);
			name = Views;
			sourceTree = "<group>";
		};
		F4C3B9A3223FAFF200291D26 /* Models */ = {
			isa = PBXGroup;
			children = (
				F48789E62241133E000760BB /* MSAL */,
				F4B624DD223FAE110098238C /* AppDelegate.swift */,
				F48789E72241135C000760BB /* Constants.swift */,
				F40B5EA822413DCF008E88BE /* FileLoader.swift */,
				F40B5EAA22413E73008E88BE /* SvgFileLoader.swift */,
				F40B5EAC22413FB6008E88BE /* ResourceFile.swift */,
				F43C05E0224393BA0079513D /* SwinjectStoryboardSetup.swift */,
			);
			name = Models;
			sourceTree = "<group>";
		};
		F4C3B9A4223FAFF900291D26 /* Misc */ = {
			isa = PBXGroup;
			children = (
				F48789E52241128B000760BB /* AvaBuddies.entitlements */,
				F4B624E4223FAE120098238C /* Assets.xcassets */,
				F4B624E9223FAE120098238C /* Info.plist */,
			);
			name = Misc;
			sourceTree = "<group>";
		};
/* End PBXGroup section */

/* Begin PBXNativeTarget section */
		F4B624D9223FAE110098238C /* AvaBuddies */ = {
			isa = PBXNativeTarget;
			buildConfigurationList = F4B624F7223FAE120098238C /* Build configuration list for PBXNativeTarget "AvaBuddies" */;
			buildPhases = (
				F29FBD5F468608E1D34D0BF4 /* [CP] Check Pods Manifest.lock */,
				F4B624D6223FAE110098238C /* Sources */,
				F4B624D7223FAE110098238C /* Frameworks */,
				F4B624D8223FAE110098238C /* Resources */,
				457E1DF9E64A5EB1B84169AA /* [CP] Embed Pods Frameworks */,
			);
			buildRules = (
			);
			dependencies = (
			);
			name = AvaBuddies;
			productName = AvaBuddies;
			productReference = F4B624DA223FAE110098238C /* AvaBuddies.app */;
			productType = "com.apple.product-type.application";
		};
		F4B624ED223FAE120098238C /* AvaBuddiesTests */ = {
			isa = PBXNativeTarget;
			buildConfigurationList = F4B624FA223FAE120098238C /* Build configuration list for PBXNativeTarget "AvaBuddiesTests" */;
			buildPhases = (
				F4B624EA223FAE120098238C /* Sources */,
				F4B624EB223FAE120098238C /* Frameworks */,
				F4B624EC223FAE120098238C /* Resources */,
			);
			buildRules = (
			);
			dependencies = (
				F4B624F0223FAE120098238C /* PBXTargetDependency */,
			);
			name = AvaBuddiesTests;
			productName = AvaBuddiesTests;
			productReference = F4B624EE223FAE120098238C /* AvaBuddiesTests.xctest */;
			productType = "com.apple.product-type.bundle.unit-test";
		};
/* End PBXNativeTarget section */

/* Begin PBXProject section */
		F4B624D2223FAE110098238C /* Project object */ = {
			isa = PBXProject;
			attributes = {
				LastSwiftUpdateCheck = 1010;
				LastUpgradeCheck = 1010;
				ORGANIZATIONNAME = "simon heij";
				TargetAttributes = {
					F4B624D9223FAE110098238C = {
						CreatedOnToolsVersion = 10.1;
						LastSwiftMigration = 1020;
						SystemCapabilities = {
							com.apple.Keychain = {
								enabled = 1;
							};
						};
					};
					F4B624ED223FAE120098238C = {
						CreatedOnToolsVersion = 10.1;
						LastSwiftMigration = 1020;
						TestTargetID = F4B624D9223FAE110098238C;
					};
				};
			};
			buildConfigurationList = F4B624D5223FAE110098238C /* Build configuration list for PBXProject "AvaBuddies" */;
			compatibilityVersion = "Xcode 9.3";
			developmentRegion = en;
			hasScannedForEncodings = 0;
			knownRegions = (
				en,
				Base,
			);
			mainGroup = F4B624D1223FAE110098238C;
			productRefGroup = F4B624DB223FAE110098238C /* Products */;
			projectDirPath = "";
			projectRoot = "";
			targets = (
				F4B624D9223FAE110098238C /* AvaBuddies */,
				F4B624ED223FAE120098238C /* AvaBuddiesTests */,
			);
		};
/* End PBXProject section */

/* Begin PBXResourcesBuildPhase section */
		F4B624D8223FAE110098238C /* Resources */ = {
			isa = PBXResourcesBuildPhase;
			buildActionMask = 2147483647;
			files = (
				F40B5EA222413925008E88BE /* avanade-logo-only.svg in Resources */,
				F40B5EA122413925008E88BE /* avanade-logo.svg in Resources */,
				F4B624E8223FAE120098238C /* LaunchScreen.storyboard in Resources */,
				F4B624E5223FAE120098238C /* Assets.xcassets in Resources */,
				F4B624E3223FAE110098238C /* Main.storyboard in Resources */,
			);
			runOnlyForDeploymentPostprocessing = 0;
		};
		F4B624EC223FAE120098238C /* Resources */ = {
			isa = PBXResourcesBuildPhase;
			buildActionMask = 2147483647;
			files = (
			);
			runOnlyForDeploymentPostprocessing = 0;
		};
/* End PBXResourcesBuildPhase section */

/* Begin PBXShellScriptBuildPhase section */
		457E1DF9E64A5EB1B84169AA /* [CP] Embed Pods Frameworks */ = {
			isa = PBXShellScriptBuildPhase;
			buildActionMask = 2147483647;
			files = (
			);
			inputPaths = (
				"${SRCROOT}/Pods/Target Support Files/Pods-AvaBuddies/Pods-AvaBuddies-frameworks.sh",
				"${BUILT_PRODUCTS_DIR}/CocoaLumberjack/CocoaLumberjack.framework",
				"${BUILT_PRODUCTS_DIR}/MSAL/MSAL.framework",
				"${BUILT_PRODUCTS_DIR}/SVGKit/SVGKit.framework",
				"${BUILT_PRODUCTS_DIR}/Swinject/Swinject.framework",
				"${BUILT_PRODUCTS_DIR}/SwinjectStoryboard/SwinjectStoryboard.framework",
			);
			name = "[CP] Embed Pods Frameworks";
			outputPaths = (
				"${TARGET_BUILD_DIR}/${FRAMEWORKS_FOLDER_PATH}/CocoaLumberjack.framework",
				"${TARGET_BUILD_DIR}/${FRAMEWORKS_FOLDER_PATH}/MSAL.framework",
				"${TARGET_BUILD_DIR}/${FRAMEWORKS_FOLDER_PATH}/SVGKit.framework",
				"${TARGET_BUILD_DIR}/${FRAMEWORKS_FOLDER_PATH}/Swinject.framework",
				"${TARGET_BUILD_DIR}/${FRAMEWORKS_FOLDER_PATH}/SwinjectStoryboard.framework",
			);
			runOnlyForDeploymentPostprocessing = 0;
			shellPath = /bin/sh;
			shellScript = "\"${SRCROOT}/Pods/Target Support Files/Pods-AvaBuddies/Pods-AvaBuddies-frameworks.sh\"\n";
			showEnvVarsInLog = 0;
		};
		F29FBD5F468608E1D34D0BF4 /* [CP] Check Pods Manifest.lock */ = {
			isa = PBXShellScriptBuildPhase;
			buildActionMask = 2147483647;
			files = (
			);
			inputPaths = (
				"${PODS_PODFILE_DIR_PATH}/Podfile.lock",
				"${PODS_ROOT}/Manifest.lock",
			);
			name = "[CP] Check Pods Manifest.lock";
			outputPaths = (
				"$(DERIVED_FILE_DIR)/Pods-AvaBuddies-checkManifestLockResult.txt",
			);
			runOnlyForDeploymentPostprocessing = 0;
			shellPath = /bin/sh;
			shellScript = "diff \"${PODS_PODFILE_DIR_PATH}/Podfile.lock\" \"${PODS_ROOT}/Manifest.lock\" > /dev/null\nif [ $? != 0 ] ; then\n    # print error to STDERR\n    echo \"error: The sandbox is not in sync with the Podfile.lock. Run 'pod install' or update your CocoaPods installation.\" >&2\n    exit 1\nfi\n# This output is used by Xcode 'outputs' to avoid re-running this script phase.\necho \"SUCCESS\" > \"${SCRIPT_OUTPUT_FILE_0}\"\n";
			showEnvVarsInLog = 0;
		};
/* End PBXShellScriptBuildPhase section */

/* Begin PBXSourcesBuildPhase section */
		F4B624D6223FAE110098238C /* Sources */ = {
			isa = PBXSourcesBuildPhase;
			buildActionMask = 2147483647;
			files = (
				F48789EE224114B9000760BB /* MSALClientDelegate.swift in Sources */,
				F48789EC2241149C000760BB /* MSALClient.swift in Sources */,
				F40B5EAD22413FB6008E88BE /* ResourceFile.swift in Sources */,
				F40B5EA922413DCF008E88BE /* FileLoader.swift in Sources */,
				F406EEDC2243998B00E5068A /* TabBarViewController.swift in Sources */,
				F43C05E1224393BA0079513D /* SwinjectStoryboardSetup.swift in Sources */,
				F4D29C5E223FAECF00EE40CD /* LoginViewController.swift in Sources */,
				F4B624DE223FAE110098238C /* AppDelegate.swift in Sources */,
				F43C05DF22438D730079513D /* AccountViewController.swift in Sources */,
				F40B5EAB22413E73008E88BE /* SvgFileLoader.swift in Sources */,
				F48789E82241135C000760BB /* Constants.swift in Sources */,
				F48789EA224113BC000760BB /* GraphUser.swift in Sources */,
			);
			runOnlyForDeploymentPostprocessing = 0;
		};
		F4B624EA223FAE120098238C /* Sources */ = {
			isa = PBXSourcesBuildPhase;
			buildActionMask = 2147483647;
			files = (
				F4B624F3223FAE120098238C /* AvaBuddiesTests.swift in Sources */,
			);
			runOnlyForDeploymentPostprocessing = 0;
		};
/* End PBXSourcesBuildPhase section */

/* Begin PBXTargetDependency section */
		F4B624F0223FAE120098238C /* PBXTargetDependency */ = {
			isa = PBXTargetDependency;
			target = F4B624D9223FAE110098238C /* AvaBuddies */;
			targetProxy = F4B624EF223FAE120098238C /* PBXContainerItemProxy */;
		};
/* End PBXTargetDependency section */

/* Begin PBXVariantGroup section */
		F4B624E1223FAE110098238C /* Main.storyboard */ = {
			isa = PBXVariantGroup;
			children = (
				F4B624E2223FAE110098238C /* Base */,
			);
			name = Main.storyboard;
			sourceTree = "<group>";
		};
		F4B624E6223FAE120098238C /* LaunchScreen.storyboard */ = {
			isa = PBXVariantGroup;
			children = (
				F4B624E7223FAE120098238C /* Base */,
			);
			name = LaunchScreen.storyboard;
			sourceTree = "<group>";
		};
/* End PBXVariantGroup section */

/* Begin XCBuildConfiguration section */
		F4B624F5223FAE120098238C /* Debug */ = {
			isa = XCBuildConfiguration;
			buildSettings = {
				ALWAYS_SEARCH_USER_PATHS = NO;
				CLANG_ANALYZER_NONNULL = YES;
				CLANG_ANALYZER_NUMBER_OBJECT_CONVERSION = YES_AGGRESSIVE;
				CLANG_CXX_LANGUAGE_STANDARD = "gnu++14";
				CLANG_CXX_LIBRARY = "libc++";
				CLANG_ENABLE_MODULES = YES;
				CLANG_ENABLE_OBJC_ARC = YES;
				CLANG_ENABLE_OBJC_WEAK = YES;
				CLANG_WARN_BLOCK_CAPTURE_AUTORELEASING = YES;
				CLANG_WARN_BOOL_CONVERSION = YES;
				CLANG_WARN_COMMA = YES;
				CLANG_WARN_CONSTANT_CONVERSION = YES;
				CLANG_WARN_DEPRECATED_OBJC_IMPLEMENTATIONS = YES;
				CLANG_WARN_DIRECT_OBJC_ISA_USAGE = YES_ERROR;
				CLANG_WARN_DOCUMENTATION_COMMENTS = YES;
				CLANG_WARN_EMPTY_BODY = YES;
				CLANG_WARN_ENUM_CONVERSION = YES;
				CLANG_WARN_INFINITE_RECURSION = YES;
				CLANG_WARN_INT_CONVERSION = YES;
				CLANG_WARN_NON_LITERAL_NULL_CONVERSION = YES;
				CLANG_WARN_OBJC_IMPLICIT_RETAIN_SELF = YES;
				CLANG_WARN_OBJC_LITERAL_CONVERSION = YES;
				CLANG_WARN_OBJC_ROOT_CLASS = YES_ERROR;
				CLANG_WARN_RANGE_LOOP_ANALYSIS = YES;
				CLANG_WARN_STRICT_PROTOTYPES = YES;
				CLANG_WARN_SUSPICIOUS_MOVE = YES;
				CLANG_WARN_UNGUARDED_AVAILABILITY = YES_AGGRESSIVE;
				CLANG_WARN_UNREACHABLE_CODE = YES;
				CLANG_WARN__DUPLICATE_METHOD_MATCH = YES;
				CODE_SIGN_IDENTITY = "iPhone Developer";
				COPY_PHASE_STRIP = NO;
				DEBUG_INFORMATION_FORMAT = dwarf;
				ENABLE_STRICT_OBJC_MSGSEND = YES;
				ENABLE_TESTABILITY = YES;
				GCC_C_LANGUAGE_STANDARD = gnu11;
				GCC_DYNAMIC_NO_PIC = NO;
				GCC_NO_COMMON_BLOCKS = YES;
				GCC_OPTIMIZATION_LEVEL = 0;
				GCC_PREPROCESSOR_DEFINITIONS = (
					"DEBUG=1",
					"$(inherited)",
				);
				GCC_WARN_64_TO_32_BIT_CONVERSION = YES;
				GCC_WARN_ABOUT_RETURN_TYPE = YES_ERROR;
				GCC_WARN_UNDECLARED_SELECTOR = YES;
				GCC_WARN_UNINITIALIZED_AUTOS = YES_AGGRESSIVE;
				GCC_WARN_UNUSED_FUNCTION = YES;
				GCC_WARN_UNUSED_VARIABLE = YES;
				IPHONEOS_DEPLOYMENT_TARGET = 12.1;
				MTL_ENABLE_DEBUG_INFO = INCLUDE_SOURCE;
				MTL_FAST_MATH = YES;
				ONLY_ACTIVE_ARCH = YES;
				SDKROOT = iphoneos;
				SWIFT_ACTIVE_COMPILATION_CONDITIONS = DEBUG;
				SWIFT_OPTIMIZATION_LEVEL = "-Onone";
			};
			name = Debug;
		};
		F4B624F6223FAE120098238C /* Release */ = {
			isa = XCBuildConfiguration;
			buildSettings = {
				ALWAYS_SEARCH_USER_PATHS = NO;
				CLANG_ANALYZER_NONNULL = YES;
				CLANG_ANALYZER_NUMBER_OBJECT_CONVERSION = YES_AGGRESSIVE;
				CLANG_CXX_LANGUAGE_STANDARD = "gnu++14";
				CLANG_CXX_LIBRARY = "libc++";
				CLANG_ENABLE_MODULES = YES;
				CLANG_ENABLE_OBJC_ARC = YES;
				CLANG_ENABLE_OBJC_WEAK = YES;
				CLANG_WARN_BLOCK_CAPTURE_AUTORELEASING = YES;
				CLANG_WARN_BOOL_CONVERSION = YES;
				CLANG_WARN_COMMA = YES;
				CLANG_WARN_CONSTANT_CONVERSION = YES;
				CLANG_WARN_DEPRECATED_OBJC_IMPLEMENTATIONS = YES;
				CLANG_WARN_DIRECT_OBJC_ISA_USAGE = YES_ERROR;
				CLANG_WARN_DOCUMENTATION_COMMENTS = YES;
				CLANG_WARN_EMPTY_BODY = YES;
				CLANG_WARN_ENUM_CONVERSION = YES;
				CLANG_WARN_INFINITE_RECURSION = YES;
				CLANG_WARN_INT_CONVERSION = YES;
				CLANG_WARN_NON_LITERAL_NULL_CONVERSION = YES;
				CLANG_WARN_OBJC_IMPLICIT_RETAIN_SELF = YES;
				CLANG_WARN_OBJC_LITERAL_CONVERSION = YES;
				CLANG_WARN_OBJC_ROOT_CLASS = YES_ERROR;
				CLANG_WARN_RANGE_LOOP_ANALYSIS = YES;
				CLANG_WARN_STRICT_PROTOTYPES = YES;
				CLANG_WARN_SUSPICIOUS_MOVE = YES;
				CLANG_WARN_UNGUARDED_AVAILABILITY = YES_AGGRESSIVE;
				CLANG_WARN_UNREACHABLE_CODE = YES;
				CLANG_WARN__DUPLICATE_METHOD_MATCH = YES;
				CODE_SIGN_IDENTITY = "iPhone Developer";
				COPY_PHASE_STRIP = NO;
				DEBUG_INFORMATION_FORMAT = "dwarf-with-dsym";
				ENABLE_NS_ASSERTIONS = NO;
				ENABLE_STRICT_OBJC_MSGSEND = YES;
				GCC_C_LANGUAGE_STANDARD = gnu11;
				GCC_NO_COMMON_BLOCKS = YES;
				GCC_WARN_64_TO_32_BIT_CONVERSION = YES;
				GCC_WARN_ABOUT_RETURN_TYPE = YES_ERROR;
				GCC_WARN_UNDECLARED_SELECTOR = YES;
				GCC_WARN_UNINITIALIZED_AUTOS = YES_AGGRESSIVE;
				GCC_WARN_UNUSED_FUNCTION = YES;
				GCC_WARN_UNUSED_VARIABLE = YES;
				IPHONEOS_DEPLOYMENT_TARGET = 12.1;
				MTL_ENABLE_DEBUG_INFO = NO;
				MTL_FAST_MATH = YES;
				SDKROOT = iphoneos;
				SWIFT_COMPILATION_MODE = wholemodule;
				SWIFT_OPTIMIZATION_LEVEL = "-O";
				VALIDATE_PRODUCT = YES;
			};
			name = Release;
		};
		F4B624F8223FAE120098238C /* Debug */ = {
			isa = XCBuildConfiguration;
			baseConfigurationReference = C596E86C33A3472EB45C3DB7 /* Pods-AvaBuddies.debug.xcconfig */;
			buildSettings = {
				ASSETCATALOG_COMPILER_APPICON_NAME = AppIcon;
				CODE_SIGN_ENTITLEMENTS = AvaBuddies/AvaBuddies.entitlements;
				CODE_SIGN_IDENTITY = "iPhone Developer";
				CODE_SIGN_STYLE = Automatic;
				DEVELOPMENT_TEAM = WFRP4F9Y8V;
				INFOPLIST_FILE = AvaBuddies/Info.plist;
				IPHONEOS_DEPLOYMENT_TARGET = 10.0;
				LD_RUNPATH_SEARCH_PATHS = (
					"$(inherited)",
					"@executable_path/Frameworks",
				);
				PRODUCT_BUNDLE_IDENTIFIER = com.example.AvaBuddies;
				PRODUCT_NAME = "$(TARGET_NAME)";
				PROVISIONING_PROFILE_SPECIFIER = "";
				SWIFT_VERSION = 5.0;
				TARGETED_DEVICE_FAMILY = "1,2";
			};
			name = Debug;
		};
		F4B624F9223FAE120098238C /* Release */ = {
			isa = XCBuildConfiguration;
			baseConfigurationReference = 0CD620B56E03C2948D7B6BBF /* Pods-AvaBuddies.release.xcconfig */;
			buildSettings = {
				ASSETCATALOG_COMPILER_APPICON_NAME = AppIcon;
				CODE_SIGN_ENTITLEMENTS = AvaBuddies/AvaBuddies.entitlements;
				CODE_SIGN_IDENTITY = "iPhone Developer";
				CODE_SIGN_STYLE = Automatic;
				DEVELOPMENT_TEAM = WFRP4F9Y8V;
				INFOPLIST_FILE = AvaBuddies/Info.plist;
				IPHONEOS_DEPLOYMENT_TARGET = 10.0;
				LD_RUNPATH_SEARCH_PATHS = (
					"$(inherited)",
					"@executable_path/Frameworks",
				);
				PRODUCT_BUNDLE_IDENTIFIER = com.example.AvaBuddies;
				PRODUCT_NAME = "$(TARGET_NAME)";
				PROVISIONING_PROFILE_SPECIFIER = "";
				SWIFT_VERSION = 5.0;
				TARGETED_DEVICE_FAMILY = "1,2";
			};
			name = Release;
		};
		F4B624FB223FAE120098238C /* Debug */ = {
			isa = XCBuildConfiguration;
			buildSettings = {
				ALWAYS_EMBED_SWIFT_STANDARD_LIBRARIES = YES;
				BUNDLE_LOADER = "$(TEST_HOST)";
				CODE_SIGN_STYLE = Automatic;
				DEVELOPMENT_TEAM = WFRP4F9Y8V;
				INFOPLIST_FILE = AvaBuddiesTests/Info.plist;
				LD_RUNPATH_SEARCH_PATHS = (
					"$(inherited)",
					"@executable_path/Frameworks",
					"@loader_path/Frameworks",
				);
				PRODUCT_BUNDLE_IDENTIFIER = com.example.AvaBuddiesTests;
				PRODUCT_NAME = "$(TARGET_NAME)";
				SWIFT_VERSION = 5.0;
				TARGETED_DEVICE_FAMILY = "1,2";
				TEST_HOST = "$(BUILT_PRODUCTS_DIR)/AvaBuddies.app/AvaBuddies";
			};
			name = Debug;
		};
		F4B624FC223FAE120098238C /* Release */ = {
			isa = XCBuildConfiguration;
			buildSettings = {
				ALWAYS_EMBED_SWIFT_STANDARD_LIBRARIES = YES;
				BUNDLE_LOADER = "$(TEST_HOST)";
				CODE_SIGN_STYLE = Automatic;
				DEVELOPMENT_TEAM = WFRP4F9Y8V;
				INFOPLIST_FILE = AvaBuddiesTests/Info.plist;
				LD_RUNPATH_SEARCH_PATHS = (
					"$(inherited)",
					"@executable_path/Frameworks",
					"@loader_path/Frameworks",
				);
				PRODUCT_BUNDLE_IDENTIFIER = com.example.AvaBuddiesTests;
				PRODUCT_NAME = "$(TARGET_NAME)";
				SWIFT_VERSION = 5.0;
				TARGETED_DEVICE_FAMILY = "1,2";
				TEST_HOST = "$(BUILT_PRODUCTS_DIR)/AvaBuddies.app/AvaBuddies";
			};
			name = Release;
		};
/* End XCBuildConfiguration section */

/* Begin XCConfigurationList section */
		F4B624D5223FAE110098238C /* Build configuration list for PBXProject "AvaBuddies" */ = {
			isa = XCConfigurationList;
			buildConfigurations = (
				F4B624F5223FAE120098238C /* Debug */,
				F4B624F6223FAE120098238C /* Release */,
			);
			defaultConfigurationIsVisible = 0;
			defaultConfigurationName = Release;
		};
		F4B624F7223FAE120098238C /* Build configuration list for PBXNativeTarget "AvaBuddies" */ = {
			isa = XCConfigurationList;
			buildConfigurations = (
				F4B624F8223FAE120098238C /* Debug */,
				F4B624F9223FAE120098238C /* Release */,
			);
			defaultConfigurationIsVisible = 0;
			defaultConfigurationName = Release;
		};
		F4B624FA223FAE120098238C /* Build configuration list for PBXNativeTarget "AvaBuddiesTests" */ = {
			isa = XCConfigurationList;
			buildConfigurations = (
				F4B624FB223FAE120098238C /* Debug */,
				F4B624FC223FAE120098238C /* Release */,
			);
			defaultConfigurationIsVisible = 0;
			defaultConfigurationName = Release;
		};
/* End XCConfigurationList section */
	};
	rootObject = F4B624D2223FAE110098238C /* Project object */;
}
